<?xml version="1.0"?>
<Project ToolsVersion="4.0" xmlns="http://schemas.microsoft.com/developer/msbuild/2003">
	<ItemGroup>
		<ClCompile Include="src\ofApp.cpp">
			<Filter>src</Filter>
		</ClCompile>
		<ClCompile Include="src\main.cpp">
			<Filter>src</Filter>
		</ClCompile>
		<ClCompile Include="src\main.cpp">
			<Filter>src</Filter>
		</ClCompile>
		<ClCompile Include="src\ofApp.cpp">
			<Filter>src</Filter>
		</ClCompile>
		<ClCompile Include="..\..\..\addons\ofxOpenCv\src\ofxCvColorImage.cpp">
			<Filter>addons\ofxOpenCv\src</Filter>
		</ClCompile>
		<ClCompile Include="..\..\..\addons\ofxOpenCv\src\ofxCvContourFinder.cpp">
			<Filter>addons\ofxOpenCv\src</Filter>
		</ClCompile>
		<ClCompile Include="..\..\..\addons\ofxOpenCv\src\ofxCvFloatImage.cpp">
			<Filter>addons\ofxOpenCv\src</Filter>
		</ClCompile>
		<ClCompile Include="..\..\..\addons\ofxOpenCv\src\ofxCvGrayscaleImage.cpp">
			<Filter>addons\ofxOpenCv\src</Filter>
		</ClCompile>
		<ClCompile Include="..\..\..\addons\ofxOpenCv\src\ofxCvHaarFinder.cpp">
			<Filter>addons\ofxOpenCv\src</Filter>
		</ClCompile>
		<ClCompile Include="..\..\..\addons\ofxOpenCv\src\ofxCvImage.cpp">
			<Filter>addons\ofxOpenCv\src</Filter>
		</ClCompile>
		<ClCompile Include="..\..\..\addons\ofxOpenCv\src\ofxCvShortImage.cpp">
			<Filter>addons\ofxOpenCv\src</Filter>
		</ClCompile>
	</ItemGroup>
	<ItemGroup>
		<Filter Include="src">
			<UniqueIdentifier>{d8376475-7454-4a24-b08a-aac121d3ad6f}</UniqueIdentifier>
		</Filter>
		<Filter Include="addons">
			<UniqueIdentifier>{71834F65-F3A9-211E-73B8-DC85}</UniqueIdentifier>
		</Filter>
		<Filter Include="addons\ofxOpenCv">
			<UniqueIdentifier>{FFA81411-43B9-BD99-75AF-1DC3}</UniqueIdentifier>
		</Filter>
		<Filter Include="addons\ofxOpenCv\src">
			<UniqueIdentifier>{00DE84A0-C30B-9800-5466-EA40}</UniqueIdentifier>
		</Filter>
		<Filter Include="addons\ofxOpenCv\libs">
			<UniqueIdentifier>{EFE72F22-7F5A-0F39-EC5E-1382}</UniqueIdentifier>
		</Filter>
		<Filter Include="addons\ofxOpenCv\libs\ippicv">
			<UniqueIdentifier>{86859B6D-C03E-741F-AD73-700F}</UniqueIdentifier>
		</Filter>
		<Filter Include="addons\ofxOpenCv\libs\ippicv\include">
			<UniqueIdentifier>{90B25766-C186-8713-AF15-ABE4}</UniqueIdentifier>
		</Filter>
		<Filter Include="addons\ofxOpenCv\libs\opencv">
			<UniqueIdentifier>{0391AB06-09E3-B0B3-3E3B-A02B}</UniqueIdentifier>
		</Filter>
		<Filter Include="addons\ofxOpenCv\libs\opencv\include">
			<UniqueIdentifier>{18BB18A3-47A8-9F08-1A3F-16FC}</UniqueIdentifier>
		</Filter>
		<Filter Include="addons\ofxOpenCv\libs\opencv\include\opencv2">
			<UniqueIdentifier>{BCD8ABD4-43E3-302D-A2D3-9FE1}</UniqueIdentifier>
		</Filter>
		<Filter Include="addons\ofxOpenCv\libs\opencv\include\opencv2\calib3d">
			<UniqueIdentifier>{E7CFFFA1-9DFA-D919-100C-FDAA}</UniqueIdentifier>
		</Filter>
		<Filter Include="addons\ofxOpenCv\libs\opencv\include\opencv2\core">
			<UniqueIdentifier>{2ABB36D0-FBE0-DD47-75A8-5882}</UniqueIdentifier>
		</Filter>
		<Filter Include="addons\ofxOpenCv\libs\opencv\include\opencv2\core\cuda">
			<UniqueIdentifier>{3F849F80-E3AF-41D3-8CD7-D868}</UniqueIdentifier>
		</Filter>
		<Filter Include="addons\ofxOpenCv\libs\opencv\include\opencv2\core\cuda\detail">
			<UniqueIdentifier>{508493C5-1D75-0520-6977-9A6B}</UniqueIdentifier>
		</Filter>
		<Filter Include="addons\ofxOpenCv\libs\opencv\include\opencv2\core\hal">
			<UniqueIdentifier>{B1E076F1-7F94-D4E4-6BFD-5B46}</UniqueIdentifier>
		</Filter>
		<Filter Include="addons\ofxOpenCv\libs\opencv\include\opencv2\core\opencl">
			<UniqueIdentifier>{70E5CB28-89E0-A2D2-ED8C-38C3}</UniqueIdentifier>
		</Filter>
		<Filter Include="addons\ofxOpenCv\libs\opencv\include\opencv2\core\opencl\runtime">
			<UniqueIdentifier>{7D0E925B-9770-DA00-FBF1-362C}</UniqueIdentifier>
		</Filter>
		<Filter Include="addons\ofxOpenCv\libs\opencv\include\opencv2\core\opencl\runtime\autogenerated">
			<UniqueIdentifier>{5E9B466B-E0A3-FBE6-E47E-FBD6}</UniqueIdentifier>
		</Filter>
		<Filter Include="addons\ofxOpenCv\libs\opencv\include\opencv2\core\openvx">
			<UniqueIdentifier>{08193421-49AC-B69B-B685-55CE}</UniqueIdentifier>
		</Filter>
		<Filter Include="addons\ofxOpenCv\libs\opencv\include\opencv2\core\private">
			<UniqueIdentifier>{86564888-70F8-AF30-B95A-1468}</UniqueIdentifier>
		</Filter>
		<Filter Include="addons\ofxOpenCv\libs\opencv\include\opencv2\core\utils">
			<UniqueIdentifier>{25239377-B6BF-FE36-6A2F-EC49}</UniqueIdentifier>
		</Filter>
		<Filter Include="addons\ofxOpenCv\libs\opencv\include\opencv2\dnn">
			<UniqueIdentifier>{C8CABC6E-F5C4-4713-0363-8CDA}</UniqueIdentifier>
		</Filter>
		<Filter Include="addons\ofxOpenCv\libs\opencv\include\opencv2\features2d">
			<UniqueIdentifier>{FFED61A2-DA84-E61F-DAA8-23D8}</UniqueIdentifier>
		</Filter>
		<Filter Include="addons\ofxOpenCv\libs\opencv\include\opencv2\features2d\hal">
			<UniqueIdentifier>{FC3432FE-19D8-7B83-B85E-B0B6}</UniqueIdentifier>
		</Filter>
		<Filter Include="addons\ofxOpenCv\libs\opencv\include\opencv2\flann">
			<UniqueIdentifier>{35E18472-D925-59BD-12EF-E1E6}</UniqueIdentifier>
		</Filter>
		<Filter Include="addons\ofxOpenCv\libs\opencv\include\opencv2\gapi">
			<UniqueIdentifier>{8650AD22-2546-8D13-42AB-00CF}</UniqueIdentifier>
		</Filter>
		<Filter Include="addons\ofxOpenCv\libs\opencv\include\opencv2\gapi\cpu">
			<UniqueIdentifier>{9BD9019E-15BC-ACB8-27C1-2815}</UniqueIdentifier>
		</Filter>
		<Filter Include="addons\ofxOpenCv\libs\opencv\include\opencv2\gapi\fluid">
			<UniqueIdentifier>{6FEC7B0B-19B4-8543-12C8-057E}</UniqueIdentifier>
		</Filter>
		<Filter Include="addons\ofxOpenCv\libs\opencv\include\opencv2\gapi\gpu">
			<UniqueIdentifier>{B0A61A14-F389-05DE-5113-8109}</UniqueIdentifier>
		</Filter>
		<Filter Include="addons\ofxOpenCv\libs\opencv\include\opencv2\gapi\ocl">
			<UniqueIdentifier>{1C268214-E072-67C7-D98A-C20F}</UniqueIdentifier>
		</Filter>
		<Filter Include="addons\ofxOpenCv\libs\opencv\include\opencv2\gapi\own">
			<UniqueIdentifier>{D097238C-6008-9D8F-6334-3310}</UniqueIdentifier>
		</Filter>
		<Filter Include="addons\ofxOpenCv\libs\opencv\include\opencv2\gapi\util">
			<UniqueIdentifier>{D31ECF38-8C0C-E37F-A85E-DC5C}</UniqueIdentifier>
		</Filter>
		<Filter Include="addons\ofxOpenCv\libs\opencv\include\opencv2\highgui">
			<UniqueIdentifier>{C5146E31-2B8E-4299-4FB2-2347}</UniqueIdentifier>
		</Filter>
		<Filter Include="addons\ofxOpenCv\libs\opencv\include\opencv2\imgcodecs">
			<UniqueIdentifier>{85CE0AE1-7E4F-8B50-E623-C09F}</UniqueIdentifier>
		</Filter>
		<Filter Include="addons\ofxOpenCv\libs\opencv\include\opencv2\imgcodecs\legacy">
			<UniqueIdentifier>{875C59F5-9F9E-9B4C-C119-51BB}</UniqueIdentifier>
		</Filter>
		<Filter Include="addons\ofxOpenCv\libs\opencv\include\opencv2\imgproc">
			<UniqueIdentifier>{E61CD652-51B9-BCE9-A2EB-3331}</UniqueIdentifier>
		</Filter>
		<Filter Include="addons\ofxOpenCv\libs\opencv\include\opencv2\imgproc\detail">
			<UniqueIdentifier>{CAE2A366-0E89-C339-3DF8-86E4}</UniqueIdentifier>
		</Filter>
		<Filter Include="addons\ofxOpenCv\libs\opencv\include\opencv2\imgproc\hal">
			<UniqueIdentifier>{B60F3AE4-3CFF-87C5-550A-AF25}</UniqueIdentifier>
		</Filter>
		<Filter Include="addons\ofxOpenCv\libs\opencv\include\opencv2\ml">
			<UniqueIdentifier>{C217A119-B337-C774-4EDA-1ACC}</UniqueIdentifier>
		</Filter>
		<Filter Include="addons\ofxOpenCv\libs\opencv\include\opencv2\objdetect">
			<UniqueIdentifier>{D1260DF5-DCB4-6729-CD66-ED90}</UniqueIdentifier>
		</Filter>
		<Filter Include="addons\ofxOpenCv\libs\opencv\include\opencv2\photo">
			<UniqueIdentifier>{450E6EA2-482C-4DAE-EF14-EE48}</UniqueIdentifier>
		</Filter>
		<Filter Include="addons\ofxOpenCv\libs\opencv\include\opencv2\photo\legacy">
			<UniqueIdentifier>{A3CB30FB-39E6-ECDC-FB40-AA78}</UniqueIdentifier>
		</Filter>
		<Filter Include="addons\ofxOpenCv\libs\opencv\include\opencv2\stitching">
			<UniqueIdentifier>{EA043335-259C-BCEC-5E49-545A}</UniqueIdentifier>
		</Filter>
		<Filter Include="addons\ofxOpenCv\libs\opencv\include\opencv2\stitching\detail">
			<UniqueIdentifier>{21D034AC-F39C-E724-350A-C7B6}</UniqueIdentifier>
		</Filter>
		<Filter Include="addons\ofxOpenCv\libs\opencv\include\opencv2\ts">
			<UniqueIdentifier>{AA1539ED-A548-EDA6-1094-37FD}</UniqueIdentifier>
		</Filter>
		<Filter Include="addons\ofxOpenCv\libs\opencv\include\opencv2\video">
			<UniqueIdentifier>{61E04F54-C77F-B674-C2AB-FEC2}</UniqueIdentifier>
		</Filter>
		<Filter Include="addons\ofxOpenCv\libs\opencv\include\opencv2\video\legacy">
			<UniqueIdentifier>{8B3FE879-2A2F-E900-CD59-7313}</UniqueIdentifier>
		</Filter>
		<Filter Include="addons\ofxOpenCv\libs\opencv\include\opencv2\videoio">
			<UniqueIdentifier>{8C359BB4-9E19-8F59-F4F6-1832}</UniqueIdentifier>
		</Filter>
		<Filter Include="addons\ofxOpenCv\libs\opencv\include\opencv2\videoio\legacy">
			<UniqueIdentifier>{01B554B2-7143-F97F-EB04-9763}</UniqueIdentifier>
		</Filter>
	</ItemGroup>
	<ItemGroup>
		<ClInclude Include="src\ofApp.h">
			<Filter>src</Filter>
		</ClInclude>
		<ClInclude Include="src\ofApp.h">
			<Filter>src</Filter>
		</ClInclude>
		<ClInclude Include="..\..\..\addons\ofxOpenCv\src\ofxCvBlob.h">
			<Filter>addons\ofxOpenCv\src</Filter>
		</ClInclude>
		<ClInclude Include="..\..\..\addons\ofxOpenCv\src\ofxCvColorImage.h">
			<Filter>addons\ofxOpenCv\src</Filter>
		</ClInclude>
		<ClInclude Include="..\..\..\addons\ofxOpenCv\src\ofxCvConstants.h">
			<Filter>addons\ofxOpenCv\src</Filter>
		</ClInclude>
		<ClInclude Include="..\..\..\addons\ofxOpenCv\src\ofxCvContourFinder.h">
			<Filter>addons\ofxOpenCv\src</Filter>
		</ClInclude>
		<ClInclude Include="..\..\..\addons\ofxOpenCv\src\ofxCvFloatImage.h">
			<Filter>addons\ofxOpenCv\src</Filter>
		</ClInclude>
		<ClInclude Include="..\..\..\addons\ofxOpenCv\src\ofxCvGrayscaleImage.h">
			<Filter>addons\ofxOpenCv\src</Filter>
		</ClInclude>
		<ClInclude Include="..\..\..\addons\ofxOpenCv\src\ofxCvHaarFinder.h">
			<Filter>addons\ofxOpenCv\src</Filter>
		</ClInclude>
		<ClInclude Include="..\..\..\addons\ofxOpenCv\src\ofxCvImage.h">
			<Filter>addons\ofxOpenCv\src</Filter>
		</ClInclude>
		<ClInclude Include="..\..\..\addons\ofxOpenCv\src\ofxCvShortImage.h">
			<Filter>addons\ofxOpenCv\src</Filter>
		</ClInclude>
		<ClInclude Include="..\..\..\addons\ofxOpenCv\src\ofxOpenCv.h">
			<Filter>addons\ofxOpenCv\src</Filter>
		</ClInclude>
		<ClInclude Include="..\..\..\addons\ofxOpenCv\libs\ippicv\include\ippicv.h">
			<Filter>addons\ofxOpenCv\libs\ippicv\include</Filter>
		</ClInclude>
		<ClInclude Include="..\..\..\addons\ofxOpenCv\libs\ippicv\include\ippicv_base.h">
			<Filter>addons\ofxOpenCv\libs\ippicv\include</Filter>
		</ClInclude>
		<ClInclude Include="..\..\..\addons\ofxOpenCv\libs\ippicv\include\ippicv_defs.h">
			<Filter>addons\ofxOpenCv\libs\ippicv\include</Filter>
		</ClInclude>
		<ClInclude Include="..\..\..\addons\ofxOpenCv\libs\ippicv\include\ippicv_defs_l.h">
			<Filter>addons\ofxOpenCv\libs\ippicv\include</Filter>
		</ClInclude>
		<ClInclude Include="..\..\..\addons\ofxOpenCv\libs\ippicv\include\ippicv_l.h">
			<Filter>addons\ofxOpenCv\libs\ippicv\include</Filter>
		</ClInclude>
		<ClInclude Include="..\..\..\addons\ofxOpenCv\libs\ippicv\include\ippicv_redefs.h">
			<Filter>addons\ofxOpenCv\libs\ippicv\include</Filter>
		</ClInclude>
		<ClInclude Include="..\..\..\addons\ofxOpenCv\libs\ippicv\include\ippicv_types.h">
			<Filter>addons\ofxOpenCv\libs\ippicv\include</Filter>
		</ClInclude>
		<ClInclude Include="..\..\..\addons\ofxOpenCv\libs\ippicv\include\ippicv_types_l.h">
			<Filter>addons\ofxOpenCv\libs\ippicv\include</Filter>
		</ClInclude>
		<ClInclude Include="..\..\..\addons\ofxOpenCv\libs\ippicv\include\ippversion.h">
			<Filter>addons\ofxOpenCv\libs\ippicv\include</Filter>
		</ClInclude>
		<ClInclude Include="..\..\..\addons\ofxOpenCv\libs\opencv\include\opencv2\calib3d\calib3d.hpp">
			<Filter>addons\ofxOpenCv\libs\opencv\include\opencv2\calib3d</Filter>
		</ClInclude>
		<ClInclude Include="..\..\..\addons\ofxOpenCv\libs\opencv\include\opencv2\calib3d\calib3d_c.h">
			<Filter>addons\ofxOpenCv\libs\opencv\include\opencv2\calib3d</Filter>
		</ClInclude>
		<ClInclude Include="..\..\..\addons\ofxOpenCv\libs\opencv\include\opencv2\calib3d.hpp">
			<Filter>addons\ofxOpenCv\libs\opencv\include\opencv2</Filter>
		</ClInclude>
		<ClInclude Include="..\..\..\addons\ofxOpenCv\libs\opencv\include\opencv2\core\affine.hpp">
			<Filter>addons\ofxOpenCv\libs\opencv\include\opencv2\core</Filter>
		</ClInclude>
		<ClInclude Include="..\..\..\addons\ofxOpenCv\libs\opencv\include\opencv2\core\base.hpp">
			<Filter>addons\ofxOpenCv\libs\opencv\include\opencv2\core</Filter>
		</ClInclude>
		<ClInclude Include="..\..\..\addons\ofxOpenCv\libs\opencv\include\opencv2\core\bindings_utils.hpp">
			<Filter>addons\ofxOpenCv\libs\opencv\include\opencv2\core</Filter>
		</ClInclude>
		<ClInclude Include="..\..\..\addons\ofxOpenCv\libs\opencv\include\opencv2\core\bufferpool.hpp">
			<Filter>addons\ofxOpenCv\libs\opencv\include\opencv2\core</Filter>
		</ClInclude>
		<ClInclude Include="..\..\..\addons\ofxOpenCv\libs\opencv\include\opencv2\core\check.hpp">
			<Filter>addons\ofxOpenCv\libs\opencv\include\opencv2\core</Filter>
		</ClInclude>
		<ClInclude Include="..\..\..\addons\ofxOpenCv\libs\opencv\include\opencv2\core\core.hpp">
			<Filter>addons\ofxOpenCv\libs\opencv\include\opencv2\core</Filter>
		</ClInclude>
		<ClInclude Include="..\..\..\addons\ofxOpenCv\libs\opencv\include\opencv2\core\core_c.h">
			<Filter>addons\ofxOpenCv\libs\opencv\include\opencv2\core</Filter>
		</ClInclude>
		<ClInclude Include="..\..\..\addons\ofxOpenCv\libs\opencv\include\opencv2\core\cuda\block.hpp">
			<Filter>addons\ofxOpenCv\libs\opencv\include\opencv2\core\cuda</Filter>
		</ClInclude>
		<ClInclude Include="..\..\..\addons\ofxOpenCv\libs\opencv\include\opencv2\core\cuda\border_interpolate.hpp">
			<Filter>addons\ofxOpenCv\libs\opencv\include\opencv2\core\cuda</Filter>
		</ClInclude>
		<ClInclude Include="..\..\..\addons\ofxOpenCv\libs\opencv\include\opencv2\core\cuda\color.hpp">
			<Filter>addons\ofxOpenCv\libs\opencv\include\opencv2\core\cuda</Filter>
		</ClInclude>
		<ClInclude Include="..\..\..\addons\ofxOpenCv\libs\opencv\include\opencv2\core\cuda\common.hpp">
			<Filter>addons\ofxOpenCv\libs\opencv\include\opencv2\core\cuda</Filter>
		</ClInclude>
		<ClInclude Include="..\..\..\addons\ofxOpenCv\libs\opencv\include\opencv2\core\cuda\datamov_utils.hpp">
			<Filter>addons\ofxOpenCv\libs\opencv\include\opencv2\core\cuda</Filter>
		</ClInclude>
		<ClInclude Include="..\..\..\addons\ofxOpenCv\libs\opencv\include\opencv2\core\cuda\detail\color_detail.hpp">
			<Filter>addons\ofxOpenCv\libs\opencv\include\opencv2\core\cuda\detail</Filter>
		</ClInclude>
		<ClInclude Include="..\..\..\addons\ofxOpenCv\libs\opencv\include\opencv2\core\cuda\detail\reduce.hpp">
			<Filter>addons\ofxOpenCv\libs\opencv\include\opencv2\core\cuda\detail</Filter>
		</ClInclude>
		<ClInclude Include="..\..\..\addons\ofxOpenCv\libs\opencv\include\opencv2\core\cuda\detail\reduce_key_val.hpp">
			<Filter>addons\ofxOpenCv\libs\opencv\include\opencv2\core\cuda\detail</Filter>
		</ClInclude>
		<ClInclude Include="..\..\..\addons\ofxOpenCv\libs\opencv\include\opencv2\core\cuda\detail\transform_detail.hpp">
			<Filter>addons\ofxOpenCv\libs\opencv\include\opencv2\core\cuda\detail</Filter>
		</ClInclude>
		<ClInclude Include="..\..\..\addons\ofxOpenCv\libs\opencv\include\opencv2\core\cuda\detail\type_traits_detail.hpp">
			<Filter>addons\ofxOpenCv\libs\opencv\include\opencv2\core\cuda\detail</Filter>
		</ClInclude>
		<ClInclude Include="..\..\..\addons\ofxOpenCv\libs\opencv\include\opencv2\core\cuda\detail\vec_distance_detail.hpp">
			<Filter>addons\ofxOpenCv\libs\opencv\include\opencv2\core\cuda\detail</Filter>
		</ClInclude>
		<ClInclude Include="..\..\..\addons\ofxOpenCv\libs\opencv\include\opencv2\core\cuda\dynamic_smem.hpp">
			<Filter>addons\ofxOpenCv\libs\opencv\include\opencv2\core\cuda</Filter>
		</ClInclude>
		<ClInclude Include="..\..\..\addons\ofxOpenCv\libs\opencv\include\opencv2\core\cuda\emulation.hpp">
			<Filter>addons\ofxOpenCv\libs\opencv\include\opencv2\core\cuda</Filter>
		</ClInclude>
		<ClInclude Include="..\..\..\addons\ofxOpenCv\libs\opencv\include\opencv2\core\cuda\filters.hpp">
			<Filter>addons\ofxOpenCv\libs\opencv\include\opencv2\core\cuda</Filter>
		</ClInclude>
		<ClInclude Include="..\..\..\addons\ofxOpenCv\libs\opencv\include\opencv2\core\cuda\funcattrib.hpp">
			<Filter>addons\ofxOpenCv\libs\opencv\include\opencv2\core\cuda</Filter>
		</ClInclude>
		<ClInclude Include="..\..\..\addons\ofxOpenCv\libs\opencv\include\opencv2\core\cuda\functional.hpp">
			<Filter>addons\ofxOpenCv\libs\opencv\include\opencv2\core\cuda</Filter>
		</ClInclude>
		<ClInclude Include="..\..\..\addons\ofxOpenCv\libs\opencv\include\opencv2\core\cuda\limits.hpp">
			<Filter>addons\ofxOpenCv\libs\opencv\include\opencv2\core\cuda</Filter>
		</ClInclude>
		<ClInclude Include="..\..\..\addons\ofxOpenCv\libs\opencv\include\opencv2\core\cuda\reduce.hpp">
			<Filter>addons\ofxOpenCv\libs\opencv\include\opencv2\core\cuda</Filter>
		</ClInclude>
		<ClInclude Include="..\..\..\addons\ofxOpenCv\libs\opencv\include\opencv2\core\cuda\saturate_cast.hpp">
			<Filter>addons\ofxOpenCv\libs\opencv\include\opencv2\core\cuda</Filter>
		</ClInclude>
		<ClInclude Include="..\..\..\addons\ofxOpenCv\libs\opencv\include\opencv2\core\cuda\scan.hpp">
			<Filter>addons\ofxOpenCv\libs\opencv\include\opencv2\core\cuda</Filter>
		</ClInclude>
		<ClInclude Include="..\..\..\addons\ofxOpenCv\libs\opencv\include\opencv2\core\cuda\simd_functions.hpp">
			<Filter>addons\ofxOpenCv\libs\opencv\include\opencv2\core\cuda</Filter>
		</ClInclude>
		<ClInclude Include="..\..\..\addons\ofxOpenCv\libs\opencv\include\opencv2\core\cuda\transform.hpp">
			<Filter>addons\ofxOpenCv\libs\opencv\include\opencv2\core\cuda</Filter>
		</ClInclude>
		<ClInclude Include="..\..\..\addons\ofxOpenCv\libs\opencv\include\opencv2\core\cuda\type_traits.hpp">
			<Filter>addons\ofxOpenCv\libs\opencv\include\opencv2\core\cuda</Filter>
		</ClInclude>
		<ClInclude Include="..\..\..\addons\ofxOpenCv\libs\opencv\include\opencv2\core\cuda\utility.hpp">
			<Filter>addons\ofxOpenCv\libs\opencv\include\opencv2\core\cuda</Filter>
		</ClInclude>
		<ClInclude Include="..\..\..\addons\ofxOpenCv\libs\opencv\include\opencv2\core\cuda\vec_distance.hpp">
			<Filter>addons\ofxOpenCv\libs\opencv\include\opencv2\core\cuda</Filter>
		</ClInclude>
		<ClInclude Include="..\..\..\addons\ofxOpenCv\libs\opencv\include\opencv2\core\cuda\vec_math.hpp">
			<Filter>addons\ofxOpenCv\libs\opencv\include\opencv2\core\cuda</Filter>
		</ClInclude>
		<ClInclude Include="..\..\..\addons\ofxOpenCv\libs\opencv\include\opencv2\core\cuda\vec_traits.hpp">
			<Filter>addons\ofxOpenCv\libs\opencv\include\opencv2\core\cuda</Filter>
		</ClInclude>
		<ClInclude Include="..\..\..\addons\ofxOpenCv\libs\opencv\include\opencv2\core\cuda\warp.hpp">
			<Filter>addons\ofxOpenCv\libs\opencv\include\opencv2\core\cuda</Filter>
		</ClInclude>
		<ClInclude Include="..\..\..\addons\ofxOpenCv\libs\opencv\include\opencv2\core\cuda\warp_reduce.hpp">
			<Filter>addons\ofxOpenCv\libs\opencv\include\opencv2\core\cuda</Filter>
		</ClInclude>
		<ClInclude Include="..\..\..\addons\ofxOpenCv\libs\opencv\include\opencv2\core\cuda\warp_shuffle.hpp">
			<Filter>addons\ofxOpenCv\libs\opencv\include\opencv2\core\cuda</Filter>
		</ClInclude>
		<ClInclude Include="..\..\..\addons\ofxOpenCv\libs\opencv\include\opencv2\core\cuda.hpp">
			<Filter>addons\ofxOpenCv\libs\opencv\include\opencv2\core</Filter>
		</ClInclude>
		<ClInclude Include="..\..\..\addons\ofxOpenCv\libs\opencv\include\opencv2\core\cuda.inl.hpp">
			<Filter>addons\ofxOpenCv\libs\opencv\include\opencv2\core</Filter>
		</ClInclude>
		<ClInclude Include="..\..\..\addons\ofxOpenCv\libs\opencv\include\opencv2\core\cuda_stream_accessor.hpp">
			<Filter>addons\ofxOpenCv\libs\opencv\include\opencv2\core</Filter>
		</ClInclude>
		<ClInclude Include="..\..\..\addons\ofxOpenCv\libs\opencv\include\opencv2\core\cuda_types.hpp">
			<Filter>addons\ofxOpenCv\libs\opencv\include\opencv2\core</Filter>
		</ClInclude>
		<ClInclude Include="..\..\..\addons\ofxOpenCv\libs\opencv\include\opencv2\core\cvdef.h">
			<Filter>addons\ofxOpenCv\libs\opencv\include\opencv2\core</Filter>
		</ClInclude>
		<ClInclude Include="..\..\..\addons\ofxOpenCv\libs\opencv\include\opencv2\core\cvstd.hpp">
			<Filter>addons\ofxOpenCv\libs\opencv\include\opencv2\core</Filter>
		</ClInclude>
		<ClInclude Include="..\..\..\addons\ofxOpenCv\libs\opencv\include\opencv2\core\cvstd.inl.hpp">
			<Filter>addons\ofxOpenCv\libs\opencv\include\opencv2\core</Filter>
		</ClInclude>
		<ClInclude Include="..\..\..\addons\ofxOpenCv\libs\opencv\include\opencv2\core\cvstd_wrapper.hpp">
			<Filter>addons\ofxOpenCv\libs\opencv\include\opencv2\core</Filter>
		</ClInclude>
		<ClInclude Include="..\..\..\addons\ofxOpenCv\libs\opencv\include\opencv2\core\cv_cpu_dispatch.h">
			<Filter>addons\ofxOpenCv\libs\opencv\include\opencv2\core</Filter>
		</ClInclude>
		<ClInclude Include="..\..\..\addons\ofxOpenCv\libs\opencv\include\opencv2\core\cv_cpu_helper.h">
			<Filter>addons\ofxOpenCv\libs\opencv\include\opencv2\core</Filter>
		</ClInclude>
		<ClInclude Include="..\..\..\addons\ofxOpenCv\libs\opencv\include\opencv2\core\directx.hpp">
			<Filter>addons\ofxOpenCv\libs\opencv\include\opencv2\core</Filter>
		</ClInclude>
		<ClInclude Include="..\..\..\addons\ofxOpenCv\libs\opencv\include\opencv2\core\eigen.hpp">
			<Filter>addons\ofxOpenCv\libs\opencv\include\opencv2\core</Filter>
		</ClInclude>
		<ClInclude Include="..\..\..\addons\ofxOpenCv\libs\opencv\include\opencv2\core\fast_math.hpp">
			<Filter>addons\ofxOpenCv\libs\opencv\include\opencv2\core</Filter>
		</ClInclude>
		<ClInclude Include="..\..\..\addons\ofxOpenCv\libs\opencv\include\opencv2\core\hal\hal.hpp">
			<Filter>addons\ofxOpenCv\libs\opencv\include\opencv2\core\hal</Filter>
		</ClInclude>
		<ClInclude Include="..\..\..\addons\ofxOpenCv\libs\opencv\include\opencv2\core\hal\interface.h">
			<Filter>addons\ofxOpenCv\libs\opencv\include\opencv2\core\hal</Filter>
		</ClInclude>
		<ClInclude Include="..\..\..\addons\ofxOpenCv\libs\opencv\include\opencv2\core\hal\intrin.hpp">
			<Filter>addons\ofxOpenCv\libs\opencv\include\opencv2\core\hal</Filter>
		</ClInclude>
		<ClInclude Include="..\..\..\addons\ofxOpenCv\libs\opencv\include\opencv2\core\hal\intrin_avx.hpp">
			<Filter>addons\ofxOpenCv\libs\opencv\include\opencv2\core\hal</Filter>
		</ClInclude>
		<ClInclude Include="..\..\..\addons\ofxOpenCv\libs\opencv\include\opencv2\core\hal\intrin_cpp.hpp">
			<Filter>addons\ofxOpenCv\libs\opencv\include\opencv2\core\hal</Filter>
		</ClInclude>
		<ClInclude Include="..\..\..\addons\ofxOpenCv\libs\opencv\include\opencv2\core\hal\intrin_forward.hpp">
			<Filter>addons\ofxOpenCv\libs\opencv\include\opencv2\core\hal</Filter>
		</ClInclude>
		<ClInclude Include="..\..\..\addons\ofxOpenCv\libs\opencv\include\opencv2\core\hal\intrin_neon.hpp">
			<Filter>addons\ofxOpenCv\libs\opencv\include\opencv2\core\hal</Filter>
		</ClInclude>
		<ClInclude Include="..\..\..\addons\ofxOpenCv\libs\opencv\include\opencv2\core\hal\intrin_sse.hpp">
			<Filter>addons\ofxOpenCv\libs\opencv\include\opencv2\core\hal</Filter>
		</ClInclude>
		<ClInclude Include="..\..\..\addons\ofxOpenCv\libs\opencv\include\opencv2\core\hal\intrin_sse_em.hpp">
			<Filter>addons\ofxOpenCv\libs\opencv\include\opencv2\core\hal</Filter>
		</ClInclude>
		<ClInclude Include="..\..\..\addons\ofxOpenCv\libs\opencv\include\opencv2\core\hal\intrin_vsx.hpp">
			<Filter>addons\ofxOpenCv\libs\opencv\include\opencv2\core\hal</Filter>
		</ClInclude>
		<ClInclude Include="..\..\..\addons\ofxOpenCv\libs\opencv\include\opencv2\core\mat.hpp">
			<Filter>addons\ofxOpenCv\libs\opencv\include\opencv2\core</Filter>
		</ClInclude>
		<ClInclude Include="..\..\..\addons\ofxOpenCv\libs\opencv\include\opencv2\core\mat.inl.hpp">
			<Filter>addons\ofxOpenCv\libs\opencv\include\opencv2\core</Filter>
		</ClInclude>
		<ClInclude Include="..\..\..\addons\ofxOpenCv\libs\opencv\include\opencv2\core\matx.hpp">
			<Filter>addons\ofxOpenCv\libs\opencv\include\opencv2\core</Filter>
		</ClInclude>
		<ClInclude Include="..\..\..\addons\ofxOpenCv\libs\opencv\include\opencv2\core\neon_utils.hpp">
			<Filter>addons\ofxOpenCv\libs\opencv\include\opencv2\core</Filter>
		</ClInclude>
		<ClInclude Include="..\..\..\addons\ofxOpenCv\libs\opencv\include\opencv2\core\ocl.hpp">
			<Filter>addons\ofxOpenCv\libs\opencv\include\opencv2\core</Filter>
		</ClInclude>
		<ClInclude Include="..\..\..\addons\ofxOpenCv\libs\opencv\include\opencv2\core\ocl_genbase.hpp">
			<Filter>addons\ofxOpenCv\libs\opencv\include\opencv2\core</Filter>
		</ClInclude>
		<ClInclude Include="..\..\..\addons\ofxOpenCv\libs\opencv\include\opencv2\core\opencl\ocl_defs.hpp">
			<Filter>addons\ofxOpenCv\libs\opencv\include\opencv2\core\opencl</Filter>
		</ClInclude>
		<ClInclude Include="..\..\..\addons\ofxOpenCv\libs\opencv\include\opencv2\core\opencl\opencl_info.hpp">
			<Filter>addons\ofxOpenCv\libs\opencv\include\opencv2\core\opencl</Filter>
		</ClInclude>
		<ClInclude Include="..\..\..\addons\ofxOpenCv\libs\opencv\include\opencv2\core\opencl\opencl_svm.hpp">
			<Filter>addons\ofxOpenCv\libs\opencv\include\opencv2\core\opencl</Filter>
		</ClInclude>
		<ClInclude Include="..\..\..\addons\ofxOpenCv\libs\opencv\include\opencv2\core\opencl\runtime\autogenerated\opencl_clamdblas.hpp">
			<Filter>addons\ofxOpenCv\libs\opencv\include\opencv2\core\opencl\runtime\autogenerated</Filter>
		</ClInclude>
		<ClInclude Include="..\..\..\addons\ofxOpenCv\libs\opencv\include\opencv2\core\opencl\runtime\autogenerated\opencl_clamdfft.hpp">
			<Filter>addons\ofxOpenCv\libs\opencv\include\opencv2\core\opencl\runtime\autogenerated</Filter>
		</ClInclude>
		<ClInclude Include="..\..\..\addons\ofxOpenCv\libs\opencv\include\opencv2\core\opencl\runtime\autogenerated\opencl_core.hpp">
			<Filter>addons\ofxOpenCv\libs\opencv\include\opencv2\core\opencl\runtime\autogenerated</Filter>
		</ClInclude>
		<ClInclude Include="..\..\..\addons\ofxOpenCv\libs\opencv\include\opencv2\core\opencl\runtime\autogenerated\opencl_core_wrappers.hpp">
			<Filter>addons\ofxOpenCv\libs\opencv\include\opencv2\core\opencl\runtime\autogenerated</Filter>
		</ClInclude>
		<ClInclude Include="..\..\..\addons\ofxOpenCv\libs\opencv\include\opencv2\core\opencl\runtime\autogenerated\opencl_gl.hpp">
			<Filter>addons\ofxOpenCv\libs\opencv\include\opencv2\core\opencl\runtime\autogenerated</Filter>
		</ClInclude>
		<ClInclude Include="..\..\..\addons\ofxOpenCv\libs\opencv\include\opencv2\core\opencl\runtime\autogenerated\opencl_gl_wrappers.hpp">
			<Filter>addons\ofxOpenCv\libs\opencv\include\opencv2\core\opencl\runtime\autogenerated</Filter>
		</ClInclude>
		<ClInclude Include="..\..\..\addons\ofxOpenCv\libs\opencv\include\opencv2\core\opencl\runtime\opencl_clamdblas.hpp">
			<Filter>addons\ofxOpenCv\libs\opencv\include\opencv2\core\opencl\runtime</Filter>
		</ClInclude>
		<ClInclude Include="..\..\..\addons\ofxOpenCv\libs\opencv\include\opencv2\core\opencl\runtime\opencl_clamdfft.hpp">
			<Filter>addons\ofxOpenCv\libs\opencv\include\opencv2\core\opencl\runtime</Filter>
		</ClInclude>
		<ClInclude Include="..\..\..\addons\ofxOpenCv\libs\opencv\include\opencv2\core\opencl\runtime\opencl_core.hpp">
			<Filter>addons\ofxOpenCv\libs\opencv\include\opencv2\core\opencl\runtime</Filter>
		</ClInclude>
		<ClInclude Include="..\..\..\addons\ofxOpenCv\libs\opencv\include\opencv2\core\opencl\runtime\opencl_core_wrappers.hpp">
			<Filter>addons\ofxOpenCv\libs\opencv\include\opencv2\core\opencl\runtime</Filter>
		</ClInclude>
		<ClInclude Include="..\..\..\addons\ofxOpenCv\libs\opencv\include\opencv2\core\opencl\runtime\opencl_gl.hpp">
			<Filter>addons\ofxOpenCv\libs\opencv\include\opencv2\core\opencl\runtime</Filter>
		</ClInclude>
		<ClInclude Include="..\..\..\addons\ofxOpenCv\libs\opencv\include\opencv2\core\opencl\runtime\opencl_gl_wrappers.hpp">
			<Filter>addons\ofxOpenCv\libs\opencv\include\opencv2\core\opencl\runtime</Filter>
		</ClInclude>
		<ClInclude Include="..\..\..\addons\ofxOpenCv\libs\opencv\include\opencv2\core\opencl\runtime\opencl_svm_20.hpp">
			<Filter>addons\ofxOpenCv\libs\opencv\include\opencv2\core\opencl\runtime</Filter>
		</ClInclude>
		<ClInclude Include="..\..\..\addons\ofxOpenCv\libs\opencv\include\opencv2\core\opencl\runtime\opencl_svm_definitions.hpp">
			<Filter>addons\ofxOpenCv\libs\opencv\include\opencv2\core\opencl\runtime</Filter>
		</ClInclude>
		<ClInclude Include="..\..\..\addons\ofxOpenCv\libs\opencv\include\opencv2\core\opencl\runtime\opencl_svm_hsa_extension.hpp">
			<Filter>addons\ofxOpenCv\libs\opencv\include\opencv2\core\opencl\runtime</Filter>
		</ClInclude>
		<ClInclude Include="..\..\..\addons\ofxOpenCv\libs\opencv\include\opencv2\core\opengl.hpp">
			<Filter>addons\ofxOpenCv\libs\opencv\include\opencv2\core</Filter>
		</ClInclude>
		<ClInclude Include="..\..\..\addons\ofxOpenCv\libs\opencv\include\opencv2\core\openvx\ovx_defs.hpp">
			<Filter>addons\ofxOpenCv\libs\opencv\include\opencv2\core\openvx</Filter>
		</ClInclude>
		<ClInclude Include="..\..\..\addons\ofxOpenCv\libs\opencv\include\opencv2\core\operations.hpp">
			<Filter>addons\ofxOpenCv\libs\opencv\include\opencv2\core</Filter>
		</ClInclude>
		<ClInclude Include="..\..\..\addons\ofxOpenCv\libs\opencv\include\opencv2\core\optim.hpp">
			<Filter>addons\ofxOpenCv\libs\opencv\include\opencv2\core</Filter>
		</ClInclude>
		<ClInclude Include="..\..\..\addons\ofxOpenCv\libs\opencv\include\opencv2\core\ovx.hpp">
			<Filter>addons\ofxOpenCv\libs\opencv\include\opencv2\core</Filter>
		</ClInclude>
		<ClInclude Include="..\..\..\addons\ofxOpenCv\libs\opencv\include\opencv2\core\persistence.hpp">
			<Filter>addons\ofxOpenCv\libs\opencv\include\opencv2\core</Filter>
		</ClInclude>
		<ClInclude Include="..\..\..\addons\ofxOpenCv\libs\opencv\include\opencv2\core\private\cv_cpu_include_simd_declarations.hpp">
			<Filter>addons\ofxOpenCv\libs\opencv\include\opencv2\core\private</Filter>
		</ClInclude>
		<ClInclude Include="..\..\..\addons\ofxOpenCv\libs\opencv\include\opencv2\core\private.cuda.hpp">
			<Filter>addons\ofxOpenCv\libs\opencv\include\opencv2\core</Filter>
		</ClInclude>
		<ClInclude Include="..\..\..\addons\ofxOpenCv\libs\opencv\include\opencv2\core\private.hpp">
			<Filter>addons\ofxOpenCv\libs\opencv\include\opencv2\core</Filter>
		</ClInclude>
		<ClInclude Include="..\..\..\addons\ofxOpenCv\libs\opencv\include\opencv2\core\saturate.hpp">
			<Filter>addons\ofxOpenCv\libs\opencv\include\opencv2\core</Filter>
		</ClInclude>
		<ClInclude Include="..\..\..\addons\ofxOpenCv\libs\opencv\include\opencv2\core\softfloat.hpp">
			<Filter>addons\ofxOpenCv\libs\opencv\include\opencv2\core</Filter>
		</ClInclude>
		<ClInclude Include="..\..\..\addons\ofxOpenCv\libs\opencv\include\opencv2\core\sse_utils.hpp">
			<Filter>addons\ofxOpenCv\libs\opencv\include\opencv2\core</Filter>
		</ClInclude>
		<ClInclude Include="..\..\..\addons\ofxOpenCv\libs\opencv\include\opencv2\core\traits.hpp">
			<Filter>addons\ofxOpenCv\libs\opencv\include\opencv2\core</Filter>
		</ClInclude>
		<ClInclude Include="..\..\..\addons\ofxOpenCv\libs\opencv\include\opencv2\core\types.hpp">
			<Filter>addons\ofxOpenCv\libs\opencv\include\opencv2\core</Filter>
		</ClInclude>
		<ClInclude Include="..\..\..\addons\ofxOpenCv\libs\opencv\include\opencv2\core\types_c.h">
			<Filter>addons\ofxOpenCv\libs\opencv\include\opencv2\core</Filter>
		</ClInclude>
		<ClInclude Include="..\..\..\addons\ofxOpenCv\libs\opencv\include\opencv2\core\utility.hpp">
			<Filter>addons\ofxOpenCv\libs\opencv\include\opencv2\core</Filter>
		</ClInclude>
		<ClInclude Include="..\..\..\addons\ofxOpenCv\libs\opencv\include\opencv2\core\utils\configuration.private.hpp">
			<Filter>addons\ofxOpenCv\libs\opencv\include\opencv2\core\utils</Filter>
		</ClInclude>
		<ClInclude Include="..\..\..\addons\ofxOpenCv\libs\opencv\include\opencv2\core\utils\filesystem.hpp">
			<Filter>addons\ofxOpenCv\libs\opencv\include\opencv2\core\utils</Filter>
		</ClInclude>
		<ClInclude Include="..\..\..\addons\ofxOpenCv\libs\opencv\include\opencv2\core\utils\filesystem.private.hpp">
			<Filter>addons\ofxOpenCv\libs\opencv\include\opencv2\core\utils</Filter>
		</ClInclude>
		<ClInclude Include="..\..\..\addons\ofxOpenCv\libs\opencv\include\opencv2\core\utils\lock.private.hpp">
			<Filter>addons\ofxOpenCv\libs\opencv\include\opencv2\core\utils</Filter>
		</ClInclude>
		<ClInclude Include="..\..\..\addons\ofxOpenCv\libs\opencv\include\opencv2\core\utils\logger.defines.hpp">
			<Filter>addons\ofxOpenCv\libs\opencv\include\opencv2\core\utils</Filter>
		</ClInclude>
		<ClInclude Include="..\..\..\addons\ofxOpenCv\libs\opencv\include\opencv2\core\utils\logger.hpp">
			<Filter>addons\ofxOpenCv\libs\opencv\include\opencv2\core\utils</Filter>
		</ClInclude>
		<ClInclude Include="..\..\..\addons\ofxOpenCv\libs\opencv\include\opencv2\core\utils\trace.hpp">
			<Filter>addons\ofxOpenCv\libs\opencv\include\opencv2\core\utils</Filter>
		</ClInclude>
		<ClInclude Include="..\..\..\addons\ofxOpenCv\libs\opencv\include\opencv2\core\utils\trace.private.hpp">
			<Filter>addons\ofxOpenCv\libs\opencv\include\opencv2\core\utils</Filter>
		</ClInclude>
		<ClInclude Include="..\..\..\addons\ofxOpenCv\libs\opencv\include\opencv2\core\va_intel.hpp">
			<Filter>addons\ofxOpenCv\libs\opencv\include\opencv2\core</Filter>
		</ClInclude>
		<ClInclude Include="..\..\..\addons\ofxOpenCv\libs\opencv\include\opencv2\core\version.hpp">
			<Filter>addons\ofxOpenCv\libs\opencv\include\opencv2\core</Filter>
		</ClInclude>
		<ClInclude Include="..\..\..\addons\ofxOpenCv\libs\opencv\include\opencv2\core\vsx_utils.hpp">
			<Filter>addons\ofxOpenCv\libs\opencv\include\opencv2\core</Filter>
		</ClInclude>
		<ClInclude Include="..\..\..\addons\ofxOpenCv\libs\opencv\include\opencv2\core.hpp">
			<Filter>addons\ofxOpenCv\libs\opencv\include\opencv2</Filter>
		</ClInclude>
		<ClInclude Include="..\..\..\addons\ofxOpenCv\libs\opencv\include\opencv2\cvconfig.h">
			<Filter>addons\ofxOpenCv\libs\opencv\include\opencv2</Filter>
		</ClInclude>
		<ClInclude Include="..\..\..\addons\ofxOpenCv\libs\opencv\include\opencv2\dnn\all_layers.hpp">
			<Filter>addons\ofxOpenCv\libs\opencv\include\opencv2\dnn</Filter>
		</ClInclude>
		<ClInclude Include="..\..\..\addons\ofxOpenCv\libs\opencv\include\opencv2\dnn\dict.hpp">
			<Filter>addons\ofxOpenCv\libs\opencv\include\opencv2\dnn</Filter>
		</ClInclude>
		<ClInclude Include="..\..\..\addons\ofxOpenCv\libs\opencv\include\opencv2\dnn\dnn.hpp">
			<Filter>addons\ofxOpenCv\libs\opencv\include\opencv2\dnn</Filter>
		</ClInclude>
		<ClInclude Include="..\..\..\addons\ofxOpenCv\libs\opencv\include\opencv2\dnn\dnn.inl.hpp">
			<Filter>addons\ofxOpenCv\libs\opencv\include\opencv2\dnn</Filter>
		</ClInclude>
		<ClInclude Include="..\..\..\addons\ofxOpenCv\libs\opencv\include\opencv2\dnn\layer.details.hpp">
			<Filter>addons\ofxOpenCv\libs\opencv\include\opencv2\dnn</Filter>
		</ClInclude>
		<ClInclude Include="..\..\..\addons\ofxOpenCv\libs\opencv\include\opencv2\dnn\layer.hpp">
			<Filter>addons\ofxOpenCv\libs\opencv\include\opencv2\dnn</Filter>
		</ClInclude>
		<ClInclude Include="..\..\..\addons\ofxOpenCv\libs\opencv\include\opencv2\dnn\shape_utils.hpp">
			<Filter>addons\ofxOpenCv\libs\opencv\include\opencv2\dnn</Filter>
		</ClInclude>
		<ClInclude Include="..\..\..\addons\ofxOpenCv\libs\opencv\include\opencv2\dnn\version.hpp">
			<Filter>addons\ofxOpenCv\libs\opencv\include\opencv2\dnn</Filter>
		</ClInclude>
		<ClInclude Include="..\..\..\addons\ofxOpenCv\libs\opencv\include\opencv2\dnn.hpp">
			<Filter>addons\ofxOpenCv\libs\opencv\include\opencv2</Filter>
		</ClInclude>
		<ClInclude Include="..\..\..\addons\ofxOpenCv\libs\opencv\include\opencv2\features2d\features2d.hpp">
			<Filter>addons\ofxOpenCv\libs\opencv\include\opencv2\features2d</Filter>
		</ClInclude>
		<ClInclude Include="..\..\..\addons\ofxOpenCv\libs\opencv\include\opencv2\features2d\hal\interface.h">
			<Filter>addons\ofxOpenCv\libs\opencv\include\opencv2\features2d\hal</Filter>
		</ClInclude>
		<ClInclude Include="..\..\..\addons\ofxOpenCv\libs\opencv\include\opencv2\features2d.hpp">
			<Filter>addons\ofxOpenCv\libs\opencv\include\opencv2</Filter>
		</ClInclude>
		<ClInclude Include="..\..\..\addons\ofxOpenCv\libs\opencv\include\opencv2\flann\allocator.h">
			<Filter>addons\ofxOpenCv\libs\opencv\include\opencv2\flann</Filter>
		</ClInclude>
		<ClInclude Include="..\..\..\addons\ofxOpenCv\libs\opencv\include\opencv2\flann\all_indices.h">
			<Filter>addons\ofxOpenCv\libs\opencv\include\opencv2\flann</Filter>
		</ClInclude>
		<ClInclude Include="..\..\..\addons\ofxOpenCv\libs\opencv\include\opencv2\flann\any.h">
			<Filter>addons\ofxOpenCv\libs\opencv\include\opencv2\flann</Filter>
		</ClInclude>
		<ClInclude Include="..\..\..\addons\ofxOpenCv\libs\opencv\include\opencv2\flann\autotuned_index.h">
			<Filter>addons\ofxOpenCv\libs\opencv\include\opencv2\flann</Filter>
		</ClInclude>
		<ClInclude Include="..\..\..\addons\ofxOpenCv\libs\opencv\include\opencv2\flann\composite_index.h">
			<Filter>addons\ofxOpenCv\libs\opencv\include\opencv2\flann</Filter>
		</ClInclude>
		<ClInclude Include="..\..\..\addons\ofxOpenCv\libs\opencv\include\opencv2\flann\config.h">
			<Filter>addons\ofxOpenCv\libs\opencv\include\opencv2\flann</Filter>
		</ClInclude>
		<ClInclude Include="..\..\..\addons\ofxOpenCv\libs\opencv\include\opencv2\flann\defines.h">
			<Filter>addons\ofxOpenCv\libs\opencv\include\opencv2\flann</Filter>
		</ClInclude>
		<ClInclude Include="..\..\..\addons\ofxOpenCv\libs\opencv\include\opencv2\flann\dist.h">
			<Filter>addons\ofxOpenCv\libs\opencv\include\opencv2\flann</Filter>
		</ClInclude>
		<ClInclude Include="..\..\..\addons\ofxOpenCv\libs\opencv\include\opencv2\flann\dummy.h">
			<Filter>addons\ofxOpenCv\libs\opencv\include\opencv2\flann</Filter>
		</ClInclude>
		<ClInclude Include="..\..\..\addons\ofxOpenCv\libs\opencv\include\opencv2\flann\dynamic_bitset.h">
			<Filter>addons\ofxOpenCv\libs\opencv\include\opencv2\flann</Filter>
		</ClInclude>
		<ClInclude Include="..\..\..\addons\ofxOpenCv\libs\opencv\include\opencv2\flann\flann.hpp">
			<Filter>addons\ofxOpenCv\libs\opencv\include\opencv2\flann</Filter>
		</ClInclude>
		<ClInclude Include="..\..\..\addons\ofxOpenCv\libs\opencv\include\opencv2\flann\flann_base.hpp">
			<Filter>addons\ofxOpenCv\libs\opencv\include\opencv2\flann</Filter>
		</ClInclude>
		<ClInclude Include="..\..\..\addons\ofxOpenCv\libs\opencv\include\opencv2\flann\general.h">
			<Filter>addons\ofxOpenCv\libs\opencv\include\opencv2\flann</Filter>
		</ClInclude>
		<ClInclude Include="..\..\..\addons\ofxOpenCv\libs\opencv\include\opencv2\flann\ground_truth.h">
			<Filter>addons\ofxOpenCv\libs\opencv\include\opencv2\flann</Filter>
		</ClInclude>
		<ClInclude Include="..\..\..\addons\ofxOpenCv\libs\opencv\include\opencv2\flann\heap.h">
			<Filter>addons\ofxOpenCv\libs\opencv\include\opencv2\flann</Filter>
		</ClInclude>
		<ClInclude Include="..\..\..\addons\ofxOpenCv\libs\opencv\include\opencv2\flann\hierarchical_clustering_index.h">
			<Filter>addons\ofxOpenCv\libs\opencv\include\opencv2\flann</Filter>
		</ClInclude>
		<ClInclude Include="..\..\..\addons\ofxOpenCv\libs\opencv\include\opencv2\flann\index_testing.h">
			<Filter>addons\ofxOpenCv\libs\opencv\include\opencv2\flann</Filter>
		</ClInclude>
		<ClInclude Include="..\..\..\addons\ofxOpenCv\libs\opencv\include\opencv2\flann\kdtree_index.h">
			<Filter>addons\ofxOpenCv\libs\opencv\include\opencv2\flann</Filter>
		</ClInclude>
		<ClInclude Include="..\..\..\addons\ofxOpenCv\libs\opencv\include\opencv2\flann\kdtree_single_index.h">
			<Filter>addons\ofxOpenCv\libs\opencv\include\opencv2\flann</Filter>
		</ClInclude>
		<ClInclude Include="..\..\..\addons\ofxOpenCv\libs\opencv\include\opencv2\flann\kmeans_index.h">
			<Filter>addons\ofxOpenCv\libs\opencv\include\opencv2\flann</Filter>
		</ClInclude>
		<ClInclude Include="..\..\..\addons\ofxOpenCv\libs\opencv\include\opencv2\flann\linear_index.h">
			<Filter>addons\ofxOpenCv\libs\opencv\include\opencv2\flann</Filter>
		</ClInclude>
		<ClInclude Include="..\..\..\addons\ofxOpenCv\libs\opencv\include\opencv2\flann\logger.h">
			<Filter>addons\ofxOpenCv\libs\opencv\include\opencv2\flann</Filter>
		</ClInclude>
		<ClInclude Include="..\..\..\addons\ofxOpenCv\libs\opencv\include\opencv2\flann\lsh_index.h">
			<Filter>addons\ofxOpenCv\libs\opencv\include\opencv2\flann</Filter>
		</ClInclude>
		<ClInclude Include="..\..\..\addons\ofxOpenCv\libs\opencv\include\opencv2\flann\lsh_table.h">
			<Filter>addons\ofxOpenCv\libs\opencv\include\opencv2\flann</Filter>
		</ClInclude>
		<ClInclude Include="..\..\..\addons\ofxOpenCv\libs\opencv\include\opencv2\flann\matrix.h">
			<Filter>addons\ofxOpenCv\libs\opencv\include\opencv2\flann</Filter>
		</ClInclude>
		<ClInclude Include="..\..\..\addons\ofxOpenCv\libs\opencv\include\opencv2\flann\miniflann.hpp">
			<Filter>addons\ofxOpenCv\libs\opencv\include\opencv2\flann</Filter>
		</ClInclude>
		<ClInclude Include="..\..\..\addons\ofxOpenCv\libs\opencv\include\opencv2\flann\nn_index.h">
			<Filter>addons\ofxOpenCv\libs\opencv\include\opencv2\flann</Filter>
		</ClInclude>
		<ClInclude Include="..\..\..\addons\ofxOpenCv\libs\opencv\include\opencv2\flann\object_factory.h">
			<Filter>addons\ofxOpenCv\libs\opencv\include\opencv2\flann</Filter>
		</ClInclude>
		<ClInclude Include="..\..\..\addons\ofxOpenCv\libs\opencv\include\opencv2\flann\params.h">
			<Filter>addons\ofxOpenCv\libs\opencv\include\opencv2\flann</Filter>
		</ClInclude>
		<ClInclude Include="..\..\..\addons\ofxOpenCv\libs\opencv\include\opencv2\flann\random.h">
			<Filter>addons\ofxOpenCv\libs\opencv\include\opencv2\flann</Filter>
		</ClInclude>
		<ClInclude Include="..\..\..\addons\ofxOpenCv\libs\opencv\include\opencv2\flann\result_set.h">
			<Filter>addons\ofxOpenCv\libs\opencv\include\opencv2\flann</Filter>
		</ClInclude>
		<ClInclude Include="..\..\..\addons\ofxOpenCv\libs\opencv\include\opencv2\flann\sampling.h">
			<Filter>addons\ofxOpenCv\libs\opencv\include\opencv2\flann</Filter>
		</ClInclude>
		<ClInclude Include="..\..\..\addons\ofxOpenCv\libs\opencv\include\opencv2\flann\saving.h">
			<Filter>addons\ofxOpenCv\libs\opencv\include\opencv2\flann</Filter>
		</ClInclude>
		<ClInclude Include="..\..\..\addons\ofxOpenCv\libs\opencv\include\opencv2\flann\simplex_downhill.h">
			<Filter>addons\ofxOpenCv\libs\opencv\include\opencv2\flann</Filter>
		</ClInclude>
		<ClInclude Include="..\..\..\addons\ofxOpenCv\libs\opencv\include\opencv2\flann\timer.h">
			<Filter>addons\ofxOpenCv\libs\opencv\include\opencv2\flann</Filter>
		</ClInclude>
		<ClInclude Include="..\..\..\addons\ofxOpenCv\libs\opencv\include\opencv2\flann.hpp">
			<Filter>addons\ofxOpenCv\libs\opencv\include\opencv2</Filter>
		</ClInclude>
		<ClInclude Include="..\..\..\addons\ofxOpenCv\libs\opencv\include\opencv2\gapi\core.hpp">
			<Filter>addons\ofxOpenCv\libs\opencv\include\opencv2\gapi</Filter>
		</ClInclude>
		<ClInclude Include="..\..\..\addons\ofxOpenCv\libs\opencv\include\opencv2\gapi\cpu\core.hpp">
			<Filter>addons\ofxOpenCv\libs\opencv\include\opencv2\gapi\cpu</Filter>
		</ClInclude>
		<ClInclude Include="..\..\..\addons\ofxOpenCv\libs\opencv\include\opencv2\gapi\cpu\gcpukernel.hpp">
			<Filter>addons\ofxOpenCv\libs\opencv\include\opencv2\gapi\cpu</Filter>
		</ClInclude>
		<ClInclude Include="..\..\..\addons\ofxOpenCv\libs\opencv\include\opencv2\gapi\cpu\imgproc.hpp">
			<Filter>addons\ofxOpenCv\libs\opencv\include\opencv2\gapi\cpu</Filter>
		</ClInclude>
		<ClInclude Include="..\..\..\addons\ofxOpenCv\libs\opencv\include\opencv2\gapi\fluid\core.hpp">
			<Filter>addons\ofxOpenCv\libs\opencv\include\opencv2\gapi\fluid</Filter>
		</ClInclude>
		<ClInclude Include="..\..\..\addons\ofxOpenCv\libs\opencv\include\opencv2\gapi\fluid\gfluidbuffer.hpp">
			<Filter>addons\ofxOpenCv\libs\opencv\include\opencv2\gapi\fluid</Filter>
		</ClInclude>
		<ClInclude Include="..\..\..\addons\ofxOpenCv\libs\opencv\include\opencv2\gapi\fluid\gfluidkernel.hpp">
			<Filter>addons\ofxOpenCv\libs\opencv\include\opencv2\gapi\fluid</Filter>
		</ClInclude>
		<ClInclude Include="..\..\..\addons\ofxOpenCv\libs\opencv\include\opencv2\gapi\fluid\imgproc.hpp">
			<Filter>addons\ofxOpenCv\libs\opencv\include\opencv2\gapi\fluid</Filter>
		</ClInclude>
		<ClInclude Include="..\..\..\addons\ofxOpenCv\libs\opencv\include\opencv2\gapi\garg.hpp">
			<Filter>addons\ofxOpenCv\libs\opencv\include\opencv2\gapi</Filter>
		</ClInclude>
		<ClInclude Include="..\..\..\addons\ofxOpenCv\libs\opencv\include\opencv2\gapi\garray.hpp">
			<Filter>addons\ofxOpenCv\libs\opencv\include\opencv2\gapi</Filter>
		</ClInclude>
		<ClInclude Include="..\..\..\addons\ofxOpenCv\libs\opencv\include\opencv2\gapi\gcall.hpp">
			<Filter>addons\ofxOpenCv\libs\opencv\include\opencv2\gapi</Filter>
		</ClInclude>
		<ClInclude Include="..\..\..\addons\ofxOpenCv\libs\opencv\include\opencv2\gapi\gcommon.hpp">
			<Filter>addons\ofxOpenCv\libs\opencv\include\opencv2\gapi</Filter>
		</ClInclude>
		<ClInclude Include="..\..\..\addons\ofxOpenCv\libs\opencv\include\opencv2\gapi\gcompiled.hpp">
			<Filter>addons\ofxOpenCv\libs\opencv\include\opencv2\gapi</Filter>
		</ClInclude>
		<ClInclude Include="..\..\..\addons\ofxOpenCv\libs\opencv\include\opencv2\gapi\gcompoundkernel.hpp">
			<Filter>addons\ofxOpenCv\libs\opencv\include\opencv2\gapi</Filter>
		</ClInclude>
		<ClInclude Include="..\..\..\addons\ofxOpenCv\libs\opencv\include\opencv2\gapi\gcomputation.hpp">
			<Filter>addons\ofxOpenCv\libs\opencv\include\opencv2\gapi</Filter>
		</ClInclude>
		<ClInclude Include="..\..\..\addons\ofxOpenCv\libs\opencv\include\opencv2\gapi\gkernel.hpp">
			<Filter>addons\ofxOpenCv\libs\opencv\include\opencv2\gapi</Filter>
		</ClInclude>
		<ClInclude Include="..\..\..\addons\ofxOpenCv\libs\opencv\include\opencv2\gapi\gmat.hpp">
			<Filter>addons\ofxOpenCv\libs\opencv\include\opencv2\gapi</Filter>
		</ClInclude>
		<ClInclude Include="..\..\..\addons\ofxOpenCv\libs\opencv\include\opencv2\gapi\gmetaarg.hpp">
			<Filter>addons\ofxOpenCv\libs\opencv\include\opencv2\gapi</Filter>
		</ClInclude>
		<ClInclude Include="..\..\..\addons\ofxOpenCv\libs\opencv\include\opencv2\gapi\gproto.hpp">
			<Filter>addons\ofxOpenCv\libs\opencv\include\opencv2\gapi</Filter>
		</ClInclude>
		<ClInclude Include="..\..\..\addons\ofxOpenCv\libs\opencv\include\opencv2\gapi\gpu\core.hpp">
			<Filter>addons\ofxOpenCv\libs\opencv\include\opencv2\gapi\gpu</Filter>
		</ClInclude>
		<ClInclude Include="..\..\..\addons\ofxOpenCv\libs\opencv\include\opencv2\gapi\gpu\ggpukernel.hpp">
			<Filter>addons\ofxOpenCv\libs\opencv\include\opencv2\gapi\gpu</Filter>
		</ClInclude>
		<ClInclude Include="..\..\..\addons\ofxOpenCv\libs\opencv\include\opencv2\gapi\gpu\imgproc.hpp">
			<Filter>addons\ofxOpenCv\libs\opencv\include\opencv2\gapi\gpu</Filter>
		</ClInclude>
		<ClInclude Include="..\..\..\addons\ofxOpenCv\libs\opencv\include\opencv2\gapi\gscalar.hpp">
			<Filter>addons\ofxOpenCv\libs\opencv\include\opencv2\gapi</Filter>
		</ClInclude>
		<ClInclude Include="..\..\..\addons\ofxOpenCv\libs\opencv\include\opencv2\gapi\gtyped.hpp">
			<Filter>addons\ofxOpenCv\libs\opencv\include\opencv2\gapi</Filter>
		</ClInclude>
		<ClInclude Include="..\..\..\addons\ofxOpenCv\libs\opencv\include\opencv2\gapi\gtype_traits.hpp">
			<Filter>addons\ofxOpenCv\libs\opencv\include\opencv2\gapi</Filter>
		</ClInclude>
		<ClInclude Include="..\..\..\addons\ofxOpenCv\libs\opencv\include\opencv2\gapi\imgproc.hpp">
			<Filter>addons\ofxOpenCv\libs\opencv\include\opencv2\gapi</Filter>
		</ClInclude>
		<ClInclude Include="..\..\..\addons\ofxOpenCv\libs\opencv\include\opencv2\gapi\ocl\core.hpp">
			<Filter>addons\ofxOpenCv\libs\opencv\include\opencv2\gapi\ocl</Filter>
		</ClInclude>
		<ClInclude Include="..\..\..\addons\ofxOpenCv\libs\opencv\include\opencv2\gapi\ocl\goclkernel.hpp">
			<Filter>addons\ofxOpenCv\libs\opencv\include\opencv2\gapi\ocl</Filter>
		</ClInclude>
		<ClInclude Include="..\..\..\addons\ofxOpenCv\libs\opencv\include\opencv2\gapi\ocl\imgproc.hpp">
			<Filter>addons\ofxOpenCv\libs\opencv\include\opencv2\gapi\ocl</Filter>
		</ClInclude>
		<ClInclude Include="..\..\..\addons\ofxOpenCv\libs\opencv\include\opencv2\gapi\opencv_includes.hpp">
			<Filter>addons\ofxOpenCv\libs\opencv\include\opencv2\gapi</Filter>
		</ClInclude>
		<ClInclude Include="..\..\..\addons\ofxOpenCv\libs\opencv\include\opencv2\gapi\operators.hpp">
			<Filter>addons\ofxOpenCv\libs\opencv\include\opencv2\gapi</Filter>
		</ClInclude>
		<ClInclude Include="..\..\..\addons\ofxOpenCv\libs\opencv\include\opencv2\gapi\own\assert.hpp">
			<Filter>addons\ofxOpenCv\libs\opencv\include\opencv2\gapi\own</Filter>
		</ClInclude>
		<ClInclude Include="..\..\..\addons\ofxOpenCv\libs\opencv\include\opencv2\gapi\own\convert.hpp">
			<Filter>addons\ofxOpenCv\libs\opencv\include\opencv2\gapi\own</Filter>
		</ClInclude>
		<ClInclude Include="..\..\..\addons\ofxOpenCv\libs\opencv\include\opencv2\gapi\own\cvdefs.hpp">
			<Filter>addons\ofxOpenCv\libs\opencv\include\opencv2\gapi\own</Filter>
		</ClInclude>
		<ClInclude Include="..\..\..\addons\ofxOpenCv\libs\opencv\include\opencv2\gapi\own\exports.hpp">
			<Filter>addons\ofxOpenCv\libs\opencv\include\opencv2\gapi\own</Filter>
		</ClInclude>
		<ClInclude Include="..\..\..\addons\ofxOpenCv\libs\opencv\include\opencv2\gapi\own\mat.hpp">
			<Filter>addons\ofxOpenCv\libs\opencv\include\opencv2\gapi\own</Filter>
		</ClInclude>
		<ClInclude Include="..\..\..\addons\ofxOpenCv\libs\opencv\include\opencv2\gapi\own\saturate.hpp">
			<Filter>addons\ofxOpenCv\libs\opencv\include\opencv2\gapi\own</Filter>
		</ClInclude>
		<ClInclude Include="..\..\..\addons\ofxOpenCv\libs\opencv\include\opencv2\gapi\own\scalar.hpp">
			<Filter>addons\ofxOpenCv\libs\opencv\include\opencv2\gapi\own</Filter>
		</ClInclude>
		<ClInclude Include="..\..\..\addons\ofxOpenCv\libs\opencv\include\opencv2\gapi\own\types.hpp">
			<Filter>addons\ofxOpenCv\libs\opencv\include\opencv2\gapi\own</Filter>
		</ClInclude>
		<ClInclude Include="..\..\..\addons\ofxOpenCv\libs\opencv\include\opencv2\gapi\util\any.hpp">
			<Filter>addons\ofxOpenCv\libs\opencv\include\opencv2\gapi\util</Filter>
		</ClInclude>
		<ClInclude Include="..\..\..\addons\ofxOpenCv\libs\opencv\include\opencv2\gapi\util\compiler_hints.hpp">
			<Filter>addons\ofxOpenCv\libs\opencv\include\opencv2\gapi\util</Filter>
		</ClInclude>
		<ClInclude Include="..\..\..\addons\ofxOpenCv\libs\opencv\include\opencv2\gapi\util\optional.hpp">
			<Filter>addons\ofxOpenCv\libs\opencv\include\opencv2\gapi\util</Filter>
		</ClInclude>
		<ClInclude Include="..\..\..\addons\ofxOpenCv\libs\opencv\include\opencv2\gapi\util\throw.hpp">
			<Filter>addons\ofxOpenCv\libs\opencv\include\opencv2\gapi\util</Filter>
		</ClInclude>
		<ClInclude Include="..\..\..\addons\ofxOpenCv\libs\opencv\include\opencv2\gapi\util\util.hpp">
			<Filter>addons\ofxOpenCv\libs\opencv\include\opencv2\gapi\util</Filter>
		</ClInclude>
		<ClInclude Include="..\..\..\addons\ofxOpenCv\libs\opencv\include\opencv2\gapi\util\variant.hpp">
			<Filter>addons\ofxOpenCv\libs\opencv\include\opencv2\gapi\util</Filter>
		</ClInclude>
		<ClInclude Include="..\..\..\addons\ofxOpenCv\libs\opencv\include\opencv2\gapi.hpp">
			<Filter>addons\ofxOpenCv\libs\opencv\include\opencv2</Filter>
		</ClInclude>
		<ClInclude Include="..\..\..\addons\ofxOpenCv\libs\opencv\include\opencv2\highgui\highgui.hpp">
			<Filter>addons\ofxOpenCv\libs\opencv\include\opencv2\highgui</Filter>
		</ClInclude>
		<ClInclude Include="..\..\..\addons\ofxOpenCv\libs\opencv\include\opencv2\highgui\highgui_c.h">
			<Filter>addons\ofxOpenCv\libs\opencv\include\opencv2\highgui</Filter>
		</ClInclude>
		<ClInclude Include="..\..\..\addons\ofxOpenCv\libs\opencv\include\opencv2\highgui\highgui_winrt.hpp">
			<Filter>addons\ofxOpenCv\libs\opencv\include\opencv2\highgui</Filter>
		</ClInclude>
		<ClInclude Include="..\..\..\addons\ofxOpenCv\libs\opencv\include\opencv2\highgui.hpp">
			<Filter>addons\ofxOpenCv\libs\opencv\include\opencv2</Filter>
		</ClInclude>
		<ClInclude Include="..\..\..\addons\ofxOpenCv\libs\opencv\include\opencv2\imgcodecs\imgcodecs.hpp">
			<Filter>addons\ofxOpenCv\libs\opencv\include\opencv2\imgcodecs</Filter>
		</ClInclude>
		<ClInclude Include="..\..\..\addons\ofxOpenCv\libs\opencv\include\opencv2\imgcodecs\imgcodecs_c.h">
			<Filter>addons\ofxOpenCv\libs\opencv\include\opencv2\imgcodecs</Filter>
		</ClInclude>
		<ClInclude Include="..\..\..\addons\ofxOpenCv\libs\opencv\include\opencv2\imgcodecs\ios.h">
			<Filter>addons\ofxOpenCv\libs\opencv\include\opencv2\imgcodecs</Filter>
		</ClInclude>
		<ClInclude Include="..\..\..\addons\ofxOpenCv\libs\opencv\include\opencv2\imgcodecs\legacy\constants_c.h">
			<Filter>addons\ofxOpenCv\libs\opencv\include\opencv2\imgcodecs\legacy</Filter>
		</ClInclude>
		<ClInclude Include="..\..\..\addons\ofxOpenCv\libs\opencv\include\opencv2\imgcodecs.hpp">
			<Filter>addons\ofxOpenCv\libs\opencv\include\opencv2</Filter>
		</ClInclude>
		<ClInclude Include="..\..\..\addons\ofxOpenCv\libs\opencv\include\opencv2\imgproc\detail\gcgraph.hpp">
			<Filter>addons\ofxOpenCv\libs\opencv\include\opencv2\imgproc\detail</Filter>
		</ClInclude>
		<ClInclude Include="..\..\..\addons\ofxOpenCv\libs\opencv\include\opencv2\imgproc\hal\hal.hpp">
			<Filter>addons\ofxOpenCv\libs\opencv\include\opencv2\imgproc\hal</Filter>
		</ClInclude>
		<ClInclude Include="..\..\..\addons\ofxOpenCv\libs\opencv\include\opencv2\imgproc\hal\interface.h">
			<Filter>addons\ofxOpenCv\libs\opencv\include\opencv2\imgproc\hal</Filter>
		</ClInclude>
		<ClInclude Include="..\..\..\addons\ofxOpenCv\libs\opencv\include\opencv2\imgproc\imgproc.hpp">
			<Filter>addons\ofxOpenCv\libs\opencv\include\opencv2\imgproc</Filter>
		</ClInclude>
		<ClInclude Include="..\..\..\addons\ofxOpenCv\libs\opencv\include\opencv2\imgproc\imgproc_c.h">
			<Filter>addons\ofxOpenCv\libs\opencv\include\opencv2\imgproc</Filter>
		</ClInclude>
		<ClInclude Include="..\..\..\addons\ofxOpenCv\libs\opencv\include\opencv2\imgproc\types_c.h">
			<Filter>addons\ofxOpenCv\libs\opencv\include\opencv2\imgproc</Filter>
		</ClInclude>
		<ClInclude Include="..\..\..\addons\ofxOpenCv\libs\opencv\include\opencv2\imgproc.hpp">
			<Filter>addons\ofxOpenCv\libs\opencv\include\opencv2</Filter>
		</ClInclude>
		<ClInclude Include="..\..\..\addons\ofxOpenCv\libs\opencv\include\opencv2\ml\ml.hpp">
			<Filter>addons\ofxOpenCv\libs\opencv\include\opencv2\ml</Filter>
		</ClInclude>
		<ClInclude Include="..\..\..\addons\ofxOpenCv\libs\opencv\include\opencv2\ml\ml.inl.hpp">
			<Filter>addons\ofxOpenCv\libs\opencv\include\opencv2\ml</Filter>
		</ClInclude>
		<ClInclude Include="..\..\..\addons\ofxOpenCv\libs\opencv\include\opencv2\ml.hpp">
			<Filter>addons\ofxOpenCv\libs\opencv\include\opencv2</Filter>
		</ClInclude>
		<ClInclude Include="..\..\..\addons\ofxOpenCv\libs\opencv\include\opencv2\objdetect\detection_based_tracker.hpp">
			<Filter>addons\ofxOpenCv\libs\opencv\include\opencv2\objdetect</Filter>
		</ClInclude>
		<ClInclude Include="..\..\..\addons\ofxOpenCv\libs\opencv\include\opencv2\objdetect\objdetect.hpp">
			<Filter>addons\ofxOpenCv\libs\opencv\include\opencv2\objdetect</Filter>
		</ClInclude>
		<ClInclude Include="..\..\..\addons\ofxOpenCv\libs\opencv\include\opencv2\objdetect.hpp">
			<Filter>addons\ofxOpenCv\libs\opencv\include\opencv2</Filter>
		</ClInclude>
		<ClInclude Include="..\..\..\addons\ofxOpenCv\libs\opencv\include\opencv2\opencv.hpp">
			<Filter>addons\ofxOpenCv\libs\opencv\include\opencv2</Filter>
		</ClInclude>
		<ClInclude Include="..\..\..\addons\ofxOpenCv\libs\opencv\include\opencv2\opencv_modules.hpp">
			<Filter>addons\ofxOpenCv\libs\opencv\include\opencv2</Filter>
		</ClInclude>
		<ClInclude Include="..\..\..\addons\ofxOpenCv\libs\opencv\include\opencv2\photo\cuda.hpp">
			<Filter>addons\ofxOpenCv\libs\opencv\include\opencv2\photo</Filter>
		</ClInclude>
		<ClInclude Include="..\..\..\addons\ofxOpenCv\libs\opencv\include\opencv2\photo\legacy\constants_c.h">
			<Filter>addons\ofxOpenCv\libs\opencv\include\opencv2\photo\legacy</Filter>
		</ClInclude>
		<ClInclude Include="..\..\..\addons\ofxOpenCv\libs\opencv\include\opencv2\photo\photo.hpp">
			<Filter>addons\ofxOpenCv\libs\opencv\include\opencv2\photo</Filter>
		</ClInclude>
		<ClInclude Include="..\..\..\addons\ofxOpenCv\libs\opencv\include\opencv2\photo.hpp">
			<Filter>addons\ofxOpenCv\libs\opencv\include\opencv2</Filter>
		</ClInclude>
		<ClInclude Include="..\..\..\addons\ofxOpenCv\libs\opencv\include\opencv2\stitching\detail\autocalib.hpp">
			<Filter>addons\ofxOpenCv\libs\opencv\include\opencv2\stitching\detail</Filter>
		</ClInclude>
		<ClInclude Include="..\..\..\addons\ofxOpenCv\libs\opencv\include\opencv2\stitching\detail\blenders.hpp">
			<Filter>addons\ofxOpenCv\libs\opencv\include\opencv2\stitching\detail</Filter>
		</ClInclude>
		<ClInclude Include="..\..\..\addons\ofxOpenCv\libs\opencv\include\opencv2\stitching\detail\camera.hpp">
			<Filter>addons\ofxOpenCv\libs\opencv\include\opencv2\stitching\detail</Filter>
		</ClInclude>
		<ClInclude Include="..\..\..\addons\ofxOpenCv\libs\opencv\include\opencv2\stitching\detail\exposure_compensate.hpp">
			<Filter>addons\ofxOpenCv\libs\opencv\include\opencv2\stitching\detail</Filter>
		</ClInclude>
		<ClInclude Include="..\..\..\addons\ofxOpenCv\libs\opencv\include\opencv2\stitching\detail\matchers.hpp">
			<Filter>addons\ofxOpenCv\libs\opencv\include\opencv2\stitching\detail</Filter>
		</ClInclude>
		<ClInclude Include="..\..\..\addons\ofxOpenCv\libs\opencv\include\opencv2\stitching\detail\motion_estimators.hpp">
			<Filter>addons\ofxOpenCv\libs\opencv\include\opencv2\stitching\detail</Filter>
		</ClInclude>
		<ClInclude Include="..\..\..\addons\ofxOpenCv\libs\opencv\include\opencv2\stitching\detail\seam_finders.hpp">
			<Filter>addons\ofxOpenCv\libs\opencv\include\opencv2\stitching\detail</Filter>
		</ClInclude>
		<ClInclude Include="..\..\..\addons\ofxOpenCv\libs\opencv\include\opencv2\stitching\detail\timelapsers.hpp">
			<Filter>addons\ofxOpenCv\libs\opencv\include\opencv2\stitching\detail</Filter>
		</ClInclude>
		<ClInclude Include="..\..\..\addons\ofxOpenCv\libs\opencv\include\opencv2\stitching\detail\util.hpp">
			<Filter>addons\ofxOpenCv\libs\opencv\include\opencv2\stitching\detail</Filter>
		</ClInclude>
		<ClInclude Include="..\..\..\addons\ofxOpenCv\libs\opencv\include\opencv2\stitching\detail\util_inl.hpp">
			<Filter>addons\ofxOpenCv\libs\opencv\include\opencv2\stitching\detail</Filter>
		</ClInclude>
		<ClInclude Include="..\..\..\addons\ofxOpenCv\libs\opencv\include\opencv2\stitching\detail\warpers.hpp">
			<Filter>addons\ofxOpenCv\libs\opencv\include\opencv2\stitching\detail</Filter>
		</ClInclude>
		<ClInclude Include="..\..\..\addons\ofxOpenCv\libs\opencv\include\opencv2\stitching\detail\warpers_inl.hpp">
			<Filter>addons\ofxOpenCv\libs\opencv\include\opencv2\stitching\detail</Filter>
		</ClInclude>
		<ClInclude Include="..\..\..\addons\ofxOpenCv\libs\opencv\include\opencv2\stitching\warpers.hpp">
			<Filter>addons\ofxOpenCv\libs\opencv\include\opencv2\stitching</Filter>
		</ClInclude>
		<ClInclude Include="..\..\..\addons\ofxOpenCv\libs\opencv\include\opencv2\stitching.hpp">
			<Filter>addons\ofxOpenCv\libs\opencv\include\opencv2</Filter>
		</ClInclude>
		<ClInclude Include="..\..\..\addons\ofxOpenCv\libs\opencv\include\opencv2\ts\cuda_perf.hpp">
			<Filter>addons\ofxOpenCv\libs\opencv\include\opencv2\ts</Filter>
		</ClInclude>
		<ClInclude Include="..\..\..\addons\ofxOpenCv\libs\opencv\include\opencv2\ts\cuda_test.hpp">
			<Filter>addons\ofxOpenCv\libs\opencv\include\opencv2\ts</Filter>
		</ClInclude>
		<ClInclude Include="..\..\..\addons\ofxOpenCv\libs\opencv\include\opencv2\ts\ocl_perf.hpp">
			<Filter>addons\ofxOpenCv\libs\opencv\include\opencv2\ts</Filter>
		</ClInclude>
		<ClInclude Include="..\..\..\addons\ofxOpenCv\libs\opencv\include\opencv2\ts\ocl_test.hpp">
			<Filter>addons\ofxOpenCv\libs\opencv\include\opencv2\ts</Filter>
		</ClInclude>
		<ClInclude Include="..\..\..\addons\ofxOpenCv\libs\opencv\include\opencv2\ts\ts_ext.hpp">
			<Filter>addons\ofxOpenCv\libs\opencv\include\opencv2\ts</Filter>
		</ClInclude>
		<ClInclude Include="..\..\..\addons\ofxOpenCv\libs\opencv\include\opencv2\ts\ts_gtest.h">
			<Filter>addons\ofxOpenCv\libs\opencv\include\opencv2\ts</Filter>
		</ClInclude>
		<ClInclude Include="..\..\..\addons\ofxOpenCv\libs\opencv\include\opencv2\ts\ts_perf.hpp">
			<Filter>addons\ofxOpenCv\libs\opencv\include\opencv2\ts</Filter>
		</ClInclude>
		<ClInclude Include="..\..\..\addons\ofxOpenCv\libs\opencv\include\opencv2\ts.hpp">
			<Filter>addons\ofxOpenCv\libs\opencv\include\opencv2</Filter>
		</ClInclude>
		<ClInclude Include="..\..\..\addons\ofxOpenCv\libs\opencv\include\opencv2\video\background_segm.hpp">
			<Filter>addons\ofxOpenCv\libs\opencv\include\opencv2\video</Filter>
		</ClInclude>
		<ClInclude Include="..\..\..\addons\ofxOpenCv\libs\opencv\include\opencv2\video\legacy\constants_c.h">
			<Filter>addons\ofxOpenCv\libs\opencv\include\opencv2\video\legacy</Filter>
		</ClInclude>
		<ClInclude Include="..\..\..\addons\ofxOpenCv\libs\opencv\include\opencv2\video\tracking.hpp">
			<Filter>addons\ofxOpenCv\libs\opencv\include\opencv2\video</Filter>
		</ClInclude>
		<ClInclude Include="..\..\..\addons\ofxOpenCv\libs\opencv\include\opencv2\video\video.hpp">
			<Filter>addons\ofxOpenCv\libs\opencv\include\opencv2\video</Filter>
		</ClInclude>
		<ClInclude Include="..\..\..\addons\ofxOpenCv\libs\opencv\include\opencv2\video.hpp">
			<Filter>addons\ofxOpenCv\libs\opencv\include\opencv2</Filter>
		</ClInclude>
		<ClInclude Include="..\..\..\addons\ofxOpenCv\libs\opencv\include\opencv2\videoio\cap_ios.h">
			<Filter>addons\ofxOpenCv\libs\opencv\include\opencv2\videoio</Filter>
		</ClInclude>
		<ClInclude Include="..\..\..\addons\ofxOpenCv\libs\opencv\include\opencv2\videoio\cap_winrt.hpp">
			<Filter>addons\ofxOpenCv\libs\opencv\include\opencv2\videoio</Filter>
		</ClInclude>
		<ClInclude Include="..\..\..\addons\ofxOpenCv\libs\opencv\include\opencv2\videoio\container_avi.private.hpp">
			<Filter>addons\ofxOpenCv\libs\opencv\include\opencv2\videoio</Filter>
		</ClInclude>
		<ClInclude Include="..\..\..\addons\ofxOpenCv\libs\opencv\include\opencv2\videoio\legacy\constants_c.h">
			<Filter>addons\ofxOpenCv\libs\opencv\include\opencv2\videoio\legacy</Filter>
		</ClInclude>
		<ClInclude Include="..\..\..\addons\ofxOpenCv\libs\opencv\include\opencv2\videoio\registry.hpp">
			<Filter>addons\ofxOpenCv\libs\opencv\include\opencv2\videoio</Filter>
		</ClInclude>
		<ClInclude Include="..\..\..\addons\ofxOpenCv\libs\opencv\include\opencv2\videoio\videoio.hpp">
			<Filter>addons\ofxOpenCv\libs\opencv\include\opencv2\videoio</Filter>
		</ClInclude>
		<ClInclude Include="..\..\..\addons\ofxOpenCv\libs\opencv\include\opencv2\videoio\videoio_c.h">
			<Filter>addons\ofxOpenCv\libs\opencv\include\opencv2\videoio</Filter>
		</ClInclude>
		<ClInclude Include="..\..\..\addons\ofxOpenCv\libs\opencv\include\opencv2\videoio.hpp">
			<Filter>addons\ofxOpenCv\libs\opencv\include\opencv2</Filter>
		</ClInclude>
		<ClInclude Include="..\..\..\addons\ofxOpenCv\libs\opencv\include\opencv2\world.hpp">
			<Filter>addons\ofxOpenCv\libs\opencv\include\opencv2</Filter>
		</ClInclude>
	</ItemGroup>
	<ItemGroup>
		<ResourceCompile Include="icon.rc" />
	</ItemGroup>
</Project>
