// !$*UTF8*$!
{
	archiveVersion = 1;
	classes = {
	};
	objectVersion = 42;
	objects = {

/* Begin PBXBuildFile section */
		1871E58C11016C4100FF8AC7 /* b2BroadPhase.cpp in Sources */ = {isa = PBXBuildFile; fileRef = 1871E52711016C4100FF8AC7 /* b2BroadPhase.cpp */; };
		1871E58D11016C4100FF8AC7 /* b2CollideCircle.cpp in Sources */ = {isa = PBXBuildFile; fileRef = 1871E52911016C4100FF8AC7 /* b2CollideCircle.cpp */; };
		1871E58E11016C4100FF8AC7 /* b2CollidePoly.cpp in Sources */ = {isa = PBXBuildFile; fileRef = 1871E52A11016C4100FF8AC7 /* b2CollidePoly.cpp */; };
		1871E58F11016C4100FF8AC7 /* b2Collision.cpp in Sources */ = {isa = PBXBuildFile; fileRef = 1871E52B11016C4100FF8AC7 /* b2Collision.cpp */; };
		1871E59011016C4100FF8AC7 /* b2Distance.cpp in Sources */ = {isa = PBXBuildFile; fileRef = 1871E52D11016C4100FF8AC7 /* b2Distance.cpp */; };
		1871E59111016C4100FF8AC7 /* b2PairManager.cpp in Sources */ = {isa = PBXBuildFile; fileRef = 1871E52E11016C4100FF8AC7 /* b2PairManager.cpp */; };
		1871E59211016C4100FF8AC7 /* b2TimeOfImpact.cpp in Sources */ = {isa = PBXBuildFile; fileRef = 1871E53011016C4100FF8AC7 /* b2TimeOfImpact.cpp */; };
		1871E59311016C4100FF8AC7 /* b2CircleShape.cpp in Sources */ = {isa = PBXBuildFile; fileRef = 1871E53211016C4100FF8AC7 /* b2CircleShape.cpp */; };
		1871E59411016C4100FF8AC7 /* b2EdgeShape.cpp in Sources */ = {isa = PBXBuildFile; fileRef = 1871E53411016C4100FF8AC7 /* b2EdgeShape.cpp */; };
		1871E59511016C4100FF8AC7 /* b2PolygonShape.cpp in Sources */ = {isa = PBXBuildFile; fileRef = 1871E53611016C4100FF8AC7 /* b2PolygonShape.cpp */; };
		1871E59611016C4100FF8AC7 /* b2Shape.cpp in Sources */ = {isa = PBXBuildFile; fileRef = 1871E53811016C4100FF8AC7 /* b2Shape.cpp */; };
		1871E59711016C4100FF8AC7 /* b2BlockAllocator.cpp in Sources */ = {isa = PBXBuildFile; fileRef = 1871E53B11016C4100FF8AC7 /* b2BlockAllocator.cpp */; };
		1871E59811016C4100FF8AC7 /* b2Math.cpp in Sources */ = {isa = PBXBuildFile; fileRef = 1871E53D11016C4100FF8AC7 /* b2Math.cpp */; };
		1871E59911016C4100FF8AC7 /* b2Settings.cpp in Sources */ = {isa = PBXBuildFile; fileRef = 1871E53F11016C4100FF8AC7 /* b2Settings.cpp */; };
		1871E59A11016C4100FF8AC7 /* b2StackAllocator.cpp in Sources */ = {isa = PBXBuildFile; fileRef = 1871E54111016C4100FF8AC7 /* b2StackAllocator.cpp */; };
		1871E59B11016C4100FF8AC7 /* b2Body.cpp in Sources */ = {isa = PBXBuildFile; fileRef = 1871E54611016C4100FF8AC7 /* b2Body.cpp */; };
		1871E59C11016C4100FF8AC7 /* b2ContactManager.cpp in Sources */ = {isa = PBXBuildFile; fileRef = 1871E54811016C4100FF8AC7 /* b2ContactManager.cpp */; };
		1871E59D11016C4100FF8AC7 /* b2Island.cpp in Sources */ = {isa = PBXBuildFile; fileRef = 1871E54A11016C4100FF8AC7 /* b2Island.cpp */; };
		1871E59E11016C4100FF8AC7 /* b2World.cpp in Sources */ = {isa = PBXBuildFile; fileRef = 1871E54C11016C4100FF8AC7 /* b2World.cpp */; };
		1871E59F11016C4100FF8AC7 /* b2WorldCallbacks.cpp in Sources */ = {isa = PBXBuildFile; fileRef = 1871E54E11016C4100FF8AC7 /* b2WorldCallbacks.cpp */; };
		1871E5A011016C4100FF8AC7 /* b2CircleContact.cpp in Sources */ = {isa = PBXBuildFile; fileRef = 1871E55111016C4100FF8AC7 /* b2CircleContact.cpp */; };
		1871E5A111016C4100FF8AC7 /* b2Contact.cpp in Sources */ = {isa = PBXBuildFile; fileRef = 1871E55311016C4100FF8AC7 /* b2Contact.cpp */; };
		1871E5A211016C4100FF8AC7 /* b2ContactSolver.cpp in Sources */ = {isa = PBXBuildFile; fileRef = 1871E55511016C4100FF8AC7 /* b2ContactSolver.cpp */; };
		1871E5A311016C4100FF8AC7 /* b2EdgeAndCircleContact.cpp in Sources */ = {isa = PBXBuildFile; fileRef = 1871E55711016C4100FF8AC7 /* b2EdgeAndCircleContact.cpp */; };
		1871E5A411016C4100FF8AC7 /* b2PolyAndCircleContact.cpp in Sources */ = {isa = PBXBuildFile; fileRef = 1871E55A11016C4100FF8AC7 /* b2PolyAndCircleContact.cpp */; };
		1871E5A511016C4100FF8AC7 /* b2PolyAndEdgeContact.cpp in Sources */ = {isa = PBXBuildFile; fileRef = 1871E55C11016C4100FF8AC7 /* b2PolyAndEdgeContact.cpp */; };
		1871E5A611016C4100FF8AC7 /* b2PolyContact.cpp in Sources */ = {isa = PBXBuildFile; fileRef = 1871E55E11016C4100FF8AC7 /* b2PolyContact.cpp */; };
		1871E5A711016C4100FF8AC7 /* b2BuoyancyController.cpp in Sources */ = {isa = PBXBuildFile; fileRef = 1871E56111016C4100FF8AC7 /* b2BuoyancyController.cpp */; };
		1871E5A811016C4100FF8AC7 /* b2ConstantAccelController.cpp in Sources */ = {isa = PBXBuildFile; fileRef = 1871E56311016C4100FF8AC7 /* b2ConstantAccelController.cpp */; };
		1871E5A911016C4100FF8AC7 /* b2ConstantForceController.cpp in Sources */ = {isa = PBXBuildFile; fileRef = 1871E56511016C4100FF8AC7 /* b2ConstantForceController.cpp */; };
		1871E5AA11016C4100FF8AC7 /* b2Controller.cpp in Sources */ = {isa = PBXBuildFile; fileRef = 1871E56711016C4100FF8AC7 /* b2Controller.cpp */; };
		1871E5AB11016C4100FF8AC7 /* b2GravityController.cpp in Sources */ = {isa = PBXBuildFile; fileRef = 1871E56911016C4100FF8AC7 /* b2GravityController.cpp */; };
		1871E5AC11016C4100FF8AC7 /* b2TensorDampingController.cpp in Sources */ = {isa = PBXBuildFile; fileRef = 1871E56B11016C4100FF8AC7 /* b2TensorDampingController.cpp */; };
		1871E5AD11016C4100FF8AC7 /* b2DistanceJoint.cpp in Sources */ = {isa = PBXBuildFile; fileRef = 1871E56E11016C4100FF8AC7 /* b2DistanceJoint.cpp */; };
		1871E5AE11016C4100FF8AC7 /* b2GearJoint.cpp in Sources */ = {isa = PBXBuildFile; fileRef = 1871E57011016C4100FF8AC7 /* b2GearJoint.cpp */; };
		1871E5AF11016C4100FF8AC7 /* b2Joint.cpp in Sources */ = {isa = PBXBuildFile; fileRef = 1871E57211016C4100FF8AC7 /* b2Joint.cpp */; };
		1871E5B011016C4100FF8AC7 /* b2LineJoint.cpp in Sources */ = {isa = PBXBuildFile; fileRef = 1871E57411016C4100FF8AC7 /* b2LineJoint.cpp */; };
		1871E5B111016C4100FF8AC7 /* b2MouseJoint.cpp in Sources */ = {isa = PBXBuildFile; fileRef = 1871E57611016C4100FF8AC7 /* b2MouseJoint.cpp */; };
		1871E5B211016C4100FF8AC7 /* b2PrismaticJoint.cpp in Sources */ = {isa = PBXBuildFile; fileRef = 1871E57811016C4100FF8AC7 /* b2PrismaticJoint.cpp */; };
		1871E5B311016C4100FF8AC7 /* b2PulleyJoint.cpp in Sources */ = {isa = PBXBuildFile; fileRef = 1871E57A11016C4100FF8AC7 /* b2PulleyJoint.cpp */; };
		1871E5B411016C4100FF8AC7 /* b2RevoluteJoint.cpp in Sources */ = {isa = PBXBuildFile; fileRef = 1871E57C11016C4100FF8AC7 /* b2RevoluteJoint.cpp */; };
		1871E5B511016C4100FF8AC7 /* ofxBox2d.cpp in Sources */ = {isa = PBXBuildFile; fileRef = 1871E57E11016C4100FF8AC7 /* ofxBox2d.cpp */; };
		1871E5C611016C5C00FF8AC7 /* ofxMatrix3x3.cpp in Sources */ = {isa = PBXBuildFile; fileRef = 1871E5B911016C5C00FF8AC7 /* ofxMatrix3x3.cpp */; };
		1871E5C711016C5C00FF8AC7 /* ofxMatrix4x4.cpp in Sources */ = {isa = PBXBuildFile; fileRef = 1871E5BB11016C5C00FF8AC7 /* ofxMatrix4x4.cpp */; };
		1871E5C811016C5C00FF8AC7 /* ofxQuaternion.cpp in Sources */ = {isa = PBXBuildFile; fileRef = 1871E5C011016C5C00FF8AC7 /* ofxQuaternion.cpp */; };
		1871E5D311016CE300FF8AC7 /* CustomCircle.cpp in Sources */ = {isa = PBXBuildFile; fileRef = 1871E5D211016CE300FF8AC7 /* CustomCircle.cpp */; };
		1871E5D611016D1300FF8AC7 /* CustomJoint.cpp in Sources */ = {isa = PBXBuildFile; fileRef = 1871E5D511016D1300FF8AC7 /* CustomJoint.cpp */; };
		E45BE0AA0E8CC67C009D7055 /* GLee.a in Frameworks */ = {isa = PBXBuildFile; fileRef = E45BE0A90E8CC67C009D7055 /* GLee.a */; };
		E45BE2E40E8CC69C009D7055 /* rtAudio.a in Frameworks */ = {isa = PBXBuildFile; fileRef = E45BE2E30E8CC69C009D7055 /* rtAudio.a */; };
		E45BE97B0E8CC7DD009D7055 /* AGL.framework in Frameworks */ = {isa = PBXBuildFile; fileRef = E45BE9710E8CC7DD009D7055 /* AGL.framework */; };
		E45BE97C0E8CC7DD009D7055 /* ApplicationServices.framework in Frameworks */ = {isa = PBXBuildFile; fileRef = E45BE9720E8CC7DD009D7055 /* ApplicationServices.framework */; };
		E45BE97D0E8CC7DD009D7055 /* AudioToolbox.framework in Frameworks */ = {isa = PBXBuildFile; fileRef = E45BE9730E8CC7DD009D7055 /* AudioToolbox.framework */; };
		E45BE97E0E8CC7DD009D7055 /* Carbon.framework in Frameworks */ = {isa = PBXBuildFile; fileRef = E45BE9740E8CC7DD009D7055 /* Carbon.framework */; };
		E45BE97F0E8CC7DD009D7055 /* CoreAudio.framework in Frameworks */ = {isa = PBXBuildFile; fileRef = E45BE9750E8CC7DD009D7055 /* CoreAudio.framework */; };
		E45BE9800E8CC7DD009D7055 /* CoreFoundation.framework in Frameworks */ = {isa = PBXBuildFile; fileRef = E45BE9760E8CC7DD009D7055 /* CoreFoundation.framework */; };
		E45BE9810E8CC7DD009D7055 /* CoreServices.framework in Frameworks */ = {isa = PBXBuildFile; fileRef = E45BE9770E8CC7DD009D7055 /* CoreServices.framework */; };
		E45BE9830E8CC7DD009D7055 /* OpenGL.framework in Frameworks */ = {isa = PBXBuildFile; fileRef = E45BE9790E8CC7DD009D7055 /* OpenGL.framework */; };
		E45BE9840E8CC7DD009D7055 /* QuickTime.framework in Frameworks */ = {isa = PBXBuildFile; fileRef = E45BE97A0E8CC7DD009D7055 /* QuickTime.framework */; };
		E4B69E200A3A1BDC003C02F2 /* main.cpp in Sources */ = {isa = PBXBuildFile; fileRef = E4B69E1D0A3A1BDC003C02F2 /* main.cpp */; };
		E4B69E210A3A1BDC003C02F2 /* testApp.cpp in Sources */ = {isa = PBXBuildFile; fileRef = E4B69E1E0A3A1BDC003C02F2 /* testApp.cpp */; };
		E4C2422B10CC554B004149E2 /* openFrameworksDebug.a in Frameworks */ = {isa = PBXBuildFile; fileRef = E4C2421E10CC549C004149E2 /* openFrameworksDebug.a */; };
		E4C2424710CC5A17004149E2 /* AppKit.framework in Frameworks */ = {isa = PBXBuildFile; fileRef = E4C2424410CC5A17004149E2 /* AppKit.framework */; };
		E4C2424810CC5A17004149E2 /* Cocoa.framework in Frameworks */ = {isa = PBXBuildFile; fileRef = E4C2424510CC5A17004149E2 /* Cocoa.framework */; };
		E4C2424910CC5A17004149E2 /* IOKit.framework in Frameworks */ = {isa = PBXBuildFile; fileRef = E4C2424610CC5A17004149E2 /* IOKit.framework */; };
		E4C2426610CC5A78004149E2 /* GLUT.framework in Frameworks */ = {isa = PBXBuildFile; fileRef = E4C2425F10CC5A78004149E2 /* GLUT.framework */; };
		E4C2426B10CC5AA6004149E2 /* GLUT.framework in CopyFiles */ = {isa = PBXBuildFile; fileRef = E4C2425F10CC5A78004149E2 /* GLUT.framework */; };
		E4C2427F10CC5B66004149E2 /* CppUnit.a in Frameworks */ = {isa = PBXBuildFile; fileRef = E4C2427A10CC5B66004149E2 /* CppUnit.a */; };
		E4C2428010CC5B66004149E2 /* PocoFoundation.a in Frameworks */ = {isa = PBXBuildFile; fileRef = E4C2427B10CC5B66004149E2 /* PocoFoundation.a */; };
		E4C2428110CC5B66004149E2 /* PocoNet.a in Frameworks */ = {isa = PBXBuildFile; fileRef = E4C2427C10CC5B66004149E2 /* PocoNet.a */; };
		E4C2428210CC5B66004149E2 /* PocoUtil.a in Frameworks */ = {isa = PBXBuildFile; fileRef = E4C2427D10CC5B66004149E2 /* PocoUtil.a */; };
		E4C2428310CC5B66004149E2 /* PocoXML.a in Frameworks */ = {isa = PBXBuildFile; fileRef = E4C2427E10CC5B66004149E2 /* PocoXML.a */; };
		E4C2429410CC5C38004149E2 /* freetype.a in Frameworks */ = {isa = PBXBuildFile; fileRef = E4C2429310CC5C38004149E2 /* freetype.a */; };
		E4C242CD10CC650E004149E2 /* libfmodex.dylib in Frameworks */ = {isa = PBXBuildFile; fileRef = E4C242CC10CC650E004149E2 /* libfmodex.dylib */; };
		E4C2443910CC7693004149E2 /* openFrameworks-Info.plist in CopyFiles */ = {isa = PBXBuildFile; fileRef = E4B6FCAD0C3E899E008CF71C /* openFrameworks-Info.plist */; };
		E4C246DA10CCAE22004149E2 /* freeimage.a in Frameworks */ = {isa = PBXBuildFile; fileRef = E4C246D910CCAE22004149E2 /* freeimage.a */; };
/* End PBXBuildFile section */

/* Begin PBXContainerItemProxy section */
		E4C2421D10CC549C004149E2 /* PBXContainerItemProxy */ = {
			isa = PBXContainerItemProxy;
			containerPortal = E4C2421610CC549C004149E2 /* openFrameworksLib.xcodeproj */;
			proxyType = 2;
			remoteGlobalIDString = E4B27C1510CBEB8E00536013;
			remoteInfo = openFrameworks;
		};
		E4C2422710CC54DA004149E2 /* PBXContainerItemProxy */ = {
			isa = PBXContainerItemProxy;
			containerPortal = E4C2421610CC549C004149E2 /* openFrameworksLib.xcodeproj */;
			proxyType = 1;
			remoteGlobalIDString = E4B27C1410CBEB8E00536013;
			remoteInfo = openFrameworks;
		};
/* End PBXContainerItemProxy section */

/* Begin PBXCopyFilesBuildPhase section */
		E4C2427710CC5ABF004149E2 /* CopyFiles */ = {
			isa = PBXCopyFilesBuildPhase;
			buildActionMask = 2147483647;
			dstPath = "";
			dstSubfolderSpec = 10;
			files = (
				E4C2426B10CC5AA6004149E2 /* GLUT.framework in CopyFiles */,
			);
			runOnlyForDeploymentPostprocessing = 0;
		};
		E4C2444710CC769B004149E2 /* CopyFiles */ = {
			isa = PBXCopyFilesBuildPhase;
			buildActionMask = 2147483647;
			dstPath = "";
			dstSubfolderSpec = 7;
			files = (
				E4C2443910CC7693004149E2 /* openFrameworks-Info.plist in CopyFiles */,
			);
			runOnlyForDeploymentPostprocessing = 0;
		};
/* End PBXCopyFilesBuildPhase section */

/* Begin PBXFileReference section */
		1871E52411016C4100FF8AC7 /* Box2D.h */ = {isa = PBXFileReference; fileEncoding = 4; lastKnownFileType = sourcecode.c.h; path = Box2D.h; sourceTree = "<group>"; };
		1871E52711016C4100FF8AC7 /* b2BroadPhase.cpp */ = {isa = PBXFileReference; fileEncoding = 4; lastKnownFileType = sourcecode.cpp.cpp; path = b2BroadPhase.cpp; sourceTree = "<group>"; };
		1871E52811016C4100FF8AC7 /* b2BroadPhase.h */ = {isa = PBXFileReference; fileEncoding = 4; lastKnownFileType = sourcecode.c.h; path = b2BroadPhase.h; sourceTree = "<group>"; };
		1871E52911016C4100FF8AC7 /* b2CollideCircle.cpp */ = {isa = PBXFileReference; fileEncoding = 4; lastKnownFileType = sourcecode.cpp.cpp; path = b2CollideCircle.cpp; sourceTree = "<group>"; };
		1871E52A11016C4100FF8AC7 /* b2CollidePoly.cpp */ = {isa = PBXFileReference; fileEncoding = 4; lastKnownFileType = sourcecode.cpp.cpp; path = b2CollidePoly.cpp; sourceTree = "<group>"; };
		1871E52B11016C4100FF8AC7 /* b2Collision.cpp */ = {isa = PBXFileReference; fileEncoding = 4; lastKnownFileType = sourcecode.cpp.cpp; path = b2Collision.cpp; sourceTree = "<group>"; };
		1871E52C11016C4100FF8AC7 /* b2Collision.h */ = {isa = PBXFileReference; fileEncoding = 4; lastKnownFileType = sourcecode.c.h; path = b2Collision.h; sourceTree = "<group>"; };
		1871E52D11016C4100FF8AC7 /* b2Distance.cpp */ = {isa = PBXFileReference; fileEncoding = 4; lastKnownFileType = sourcecode.cpp.cpp; path = b2Distance.cpp; sourceTree = "<group>"; };
		1871E52E11016C4100FF8AC7 /* b2PairManager.cpp */ = {isa = PBXFileReference; fileEncoding = 4; lastKnownFileType = sourcecode.cpp.cpp; path = b2PairManager.cpp; sourceTree = "<group>"; };
		1871E52F11016C4100FF8AC7 /* b2PairManager.h */ = {isa = PBXFileReference; fileEncoding = 4; lastKnownFileType = sourcecode.c.h; path = b2PairManager.h; sourceTree = "<group>"; };
		1871E53011016C4100FF8AC7 /* b2TimeOfImpact.cpp */ = {isa = PBXFileReference; fileEncoding = 4; lastKnownFileType = sourcecode.cpp.cpp; path = b2TimeOfImpact.cpp; sourceTree = "<group>"; };
		1871E53211016C4100FF8AC7 /* b2CircleShape.cpp */ = {isa = PBXFileReference; fileEncoding = 4; lastKnownFileType = sourcecode.cpp.cpp; path = b2CircleShape.cpp; sourceTree = "<group>"; };
		1871E53311016C4100FF8AC7 /* b2CircleShape.h */ = {isa = PBXFileReference; fileEncoding = 4; lastKnownFileType = sourcecode.c.h; path = b2CircleShape.h; sourceTree = "<group>"; };
		1871E53411016C4100FF8AC7 /* b2EdgeShape.cpp */ = {isa = PBXFileReference; fileEncoding = 4; lastKnownFileType = sourcecode.cpp.cpp; path = b2EdgeShape.cpp; sourceTree = "<group>"; };
		1871E53511016C4100FF8AC7 /* b2EdgeShape.h */ = {isa = PBXFileReference; fileEncoding = 4; lastKnownFileType = sourcecode.c.h; path = b2EdgeShape.h; sourceTree = "<group>"; };
		1871E53611016C4100FF8AC7 /* b2PolygonShape.cpp */ = {isa = PBXFileReference; fileEncoding = 4; lastKnownFileType = sourcecode.cpp.cpp; path = b2PolygonShape.cpp; sourceTree = "<group>"; };
		1871E53711016C4100FF8AC7 /* b2PolygonShape.h */ = {isa = PBXFileReference; fileEncoding = 4; lastKnownFileType = sourcecode.c.h; path = b2PolygonShape.h; sourceTree = "<group>"; };
		1871E53811016C4100FF8AC7 /* b2Shape.cpp */ = {isa = PBXFileReference; fileEncoding = 4; lastKnownFileType = sourcecode.cpp.cpp; path = b2Shape.cpp; sourceTree = "<group>"; };
		1871E53911016C4100FF8AC7 /* b2Shape.h */ = {isa = PBXFileReference; fileEncoding = 4; lastKnownFileType = sourcecode.c.h; path = b2Shape.h; sourceTree = "<group>"; };
		1871E53B11016C4100FF8AC7 /* b2BlockAllocator.cpp */ = {isa = PBXFileReference; fileEncoding = 4; lastKnownFileType = sourcecode.cpp.cpp; path = b2BlockAllocator.cpp; sourceTree = "<group>"; };
		1871E53C11016C4100FF8AC7 /* b2BlockAllocator.h */ = {isa = PBXFileReference; fileEncoding = 4; lastKnownFileType = sourcecode.c.h; path = b2BlockAllocator.h; sourceTree = "<group>"; };
		1871E53D11016C4100FF8AC7 /* b2Math.cpp */ = {isa = PBXFileReference; fileEncoding = 4; lastKnownFileType = sourcecode.cpp.cpp; path = b2Math.cpp; sourceTree = "<group>"; };
		1871E53E11016C4100FF8AC7 /* b2Math.h */ = {isa = PBXFileReference; fileEncoding = 4; lastKnownFileType = sourcecode.c.h; path = b2Math.h; sourceTree = "<group>"; };
		1871E53F11016C4100FF8AC7 /* b2Settings.cpp */ = {isa = PBXFileReference; fileEncoding = 4; lastKnownFileType = sourcecode.cpp.cpp; path = b2Settings.cpp; sourceTree = "<group>"; };
		1871E54011016C4100FF8AC7 /* b2Settings.h */ = {isa = PBXFileReference; fileEncoding = 4; lastKnownFileType = sourcecode.c.h; path = b2Settings.h; sourceTree = "<group>"; };
		1871E54111016C4100FF8AC7 /* b2StackAllocator.cpp */ = {isa = PBXFileReference; fileEncoding = 4; lastKnownFileType = sourcecode.cpp.cpp; path = b2StackAllocator.cpp; sourceTree = "<group>"; };
		1871E54211016C4100FF8AC7 /* b2StackAllocator.h */ = {isa = PBXFileReference; fileEncoding = 4; lastKnownFileType = sourcecode.c.h; path = b2StackAllocator.h; sourceTree = "<group>"; };
		1871E54311016C4100FF8AC7 /* Fixed.h */ = {isa = PBXFileReference; fileEncoding = 4; lastKnownFileType = sourcecode.c.h; path = Fixed.h; sourceTree = "<group>"; };
		1871E54411016C4100FF8AC7 /* jtypes.h */ = {isa = PBXFileReference; fileEncoding = 4; lastKnownFileType = sourcecode.c.h; path = jtypes.h; sourceTree = "<group>"; };
		1871E54611016C4100FF8AC7 /* b2Body.cpp */ = {isa = PBXFileReference; fileEncoding = 4; lastKnownFileType = sourcecode.cpp.cpp; path = b2Body.cpp; sourceTree = "<group>"; };
		1871E54711016C4100FF8AC7 /* b2Body.h */ = {isa = PBXFileReference; fileEncoding = 4; lastKnownFileType = sourcecode.c.h; path = b2Body.h; sourceTree = "<group>"; };
		1871E54811016C4100FF8AC7 /* b2ContactManager.cpp */ = {isa = PBXFileReference; fileEncoding = 4; lastKnownFileType = sourcecode.cpp.cpp; path = b2ContactManager.cpp; sourceTree = "<group>"; };
		1871E54911016C4100FF8AC7 /* b2ContactManager.h */ = {isa = PBXFileReference; fileEncoding = 4; lastKnownFileType = sourcecode.c.h; path = b2ContactManager.h; sourceTree = "<group>"; };
		1871E54A11016C4100FF8AC7 /* b2Island.cpp */ = {isa = PBXFileReference; fileEncoding = 4; lastKnownFileType = sourcecode.cpp.cpp; path = b2Island.cpp; sourceTree = "<group>"; };
		1871E54B11016C4100FF8AC7 /* b2Island.h */ = {isa = PBXFileReference; fileEncoding = 4; lastKnownFileType = sourcecode.c.h; path = b2Island.h; sourceTree = "<group>"; };
		1871E54C11016C4100FF8AC7 /* b2World.cpp */ = {isa = PBXFileReference; fileEncoding = 4; lastKnownFileType = sourcecode.cpp.cpp; path = b2World.cpp; sourceTree = "<group>"; };
		1871E54D11016C4100FF8AC7 /* b2World.h */ = {isa = PBXFileReference; fileEncoding = 4; lastKnownFileType = sourcecode.c.h; path = b2World.h; sourceTree = "<group>"; };
		1871E54E11016C4100FF8AC7 /* b2WorldCallbacks.cpp */ = {isa = PBXFileReference; fileEncoding = 4; lastKnownFileType = sourcecode.cpp.cpp; path = b2WorldCallbacks.cpp; sourceTree = "<group>"; };
		1871E54F11016C4100FF8AC7 /* b2WorldCallbacks.h */ = {isa = PBXFileReference; fileEncoding = 4; lastKnownFileType = sourcecode.c.h; path = b2WorldCallbacks.h; sourceTree = "<group>"; };
		1871E55111016C4100FF8AC7 /* b2CircleContact.cpp */ = {isa = PBXFileReference; fileEncoding = 4; lastKnownFileType = sourcecode.cpp.cpp; path = b2CircleContact.cpp; sourceTree = "<group>"; };
		1871E55211016C4100FF8AC7 /* b2CircleContact.h */ = {isa = PBXFileReference; fileEncoding = 4; lastKnownFileType = sourcecode.c.h; path = b2CircleContact.h; sourceTree = "<group>"; };
		1871E55311016C4100FF8AC7 /* b2Contact.cpp */ = {isa = PBXFileReference; fileEncoding = 4; lastKnownFileType = sourcecode.cpp.cpp; path = b2Contact.cpp; sourceTree = "<group>"; };
		1871E55411016C4100FF8AC7 /* b2Contact.h */ = {isa = PBXFileReference; fileEncoding = 4; lastKnownFileType = sourcecode.c.h; path = b2Contact.h; sourceTree = "<group>"; };
		1871E55511016C4100FF8AC7 /* b2ContactSolver.cpp */ = {isa = PBXFileReference; fileEncoding = 4; lastKnownFileType = sourcecode.cpp.cpp; path = b2ContactSolver.cpp; sourceTree = "<group>"; };
		1871E55611016C4100FF8AC7 /* b2ContactSolver.h */ = {isa = PBXFileReference; fileEncoding = 4; lastKnownFileType = sourcecode.c.h; path = b2ContactSolver.h; sourceTree = "<group>"; };
		1871E55711016C4100FF8AC7 /* b2EdgeAndCircleContact.cpp */ = {isa = PBXFileReference; fileEncoding = 4; lastKnownFileType = sourcecode.cpp.cpp; path = b2EdgeAndCircleContact.cpp; sourceTree = "<group>"; };
		1871E55811016C4100FF8AC7 /* b2EdgeAndCircleContact.h */ = {isa = PBXFileReference; fileEncoding = 4; lastKnownFileType = sourcecode.c.h; path = b2EdgeAndCircleContact.h; sourceTree = "<group>"; };
		1871E55911016C4100FF8AC7 /* b2NullContact.h */ = {isa = PBXFileReference; fileEncoding = 4; lastKnownFileType = sourcecode.c.h; path = b2NullContact.h; sourceTree = "<group>"; };
		1871E55A11016C4100FF8AC7 /* b2PolyAndCircleContact.cpp */ = {isa = PBXFileReference; fileEncoding = 4; lastKnownFileType = sourcecode.cpp.cpp; path = b2PolyAndCircleContact.cpp; sourceTree = "<group>"; };
		1871E55B11016C4100FF8AC7 /* b2PolyAndCircleContact.h */ = {isa = PBXFileReference; fileEncoding = 4; lastKnownFileType = sourcecode.c.h; path = b2PolyAndCircleContact.h; sourceTree = "<group>"; };
		1871E55C11016C4100FF8AC7 /* b2PolyAndEdgeContact.cpp */ = {isa = PBXFileReference; fileEncoding = 4; lastKnownFileType = sourcecode.cpp.cpp; path = b2PolyAndEdgeContact.cpp; sourceTree = "<group>"; };
		1871E55D11016C4100FF8AC7 /* b2PolyAndEdgeContact.h */ = {isa = PBXFileReference; fileEncoding = 4; lastKnownFileType = sourcecode.c.h; path = b2PolyAndEdgeContact.h; sourceTree = "<group>"; };
		1871E55E11016C4100FF8AC7 /* b2PolyContact.cpp */ = {isa = PBXFileReference; fileEncoding = 4; lastKnownFileType = sourcecode.cpp.cpp; path = b2PolyContact.cpp; sourceTree = "<group>"; };
		1871E55F11016C4100FF8AC7 /* b2PolyContact.h */ = {isa = PBXFileReference; fileEncoding = 4; lastKnownFileType = sourcecode.c.h; path = b2PolyContact.h; sourceTree = "<group>"; };
		1871E56111016C4100FF8AC7 /* b2BuoyancyController.cpp */ = {isa = PBXFileReference; fileEncoding = 4; lastKnownFileType = sourcecode.cpp.cpp; path = b2BuoyancyController.cpp; sourceTree = "<group>"; };
		1871E56211016C4100FF8AC7 /* b2BuoyancyController.h */ = {isa = PBXFileReference; fileEncoding = 4; lastKnownFileType = sourcecode.c.h; path = b2BuoyancyController.h; sourceTree = "<group>"; };
		1871E56311016C4100FF8AC7 /* b2ConstantAccelController.cpp */ = {isa = PBXFileReference; fileEncoding = 4; lastKnownFileType = sourcecode.cpp.cpp; path = b2ConstantAccelController.cpp; sourceTree = "<group>"; };
		1871E56411016C4100FF8AC7 /* b2ConstantAccelController.h */ = {isa = PBXFileReference; fileEncoding = 4; lastKnownFileType = sourcecode.c.h; path = b2ConstantAccelController.h; sourceTree = "<group>"; };
		1871E56511016C4100FF8AC7 /* b2ConstantForceController.cpp */ = {isa = PBXFileReference; fileEncoding = 4; lastKnownFileType = sourcecode.cpp.cpp; path = b2ConstantForceController.cpp; sourceTree = "<group>"; };
		1871E56611016C4100FF8AC7 /* b2ConstantForceController.h */ = {isa = PBXFileReference; fileEncoding = 4; lastKnownFileType = sourcecode.c.h; path = b2ConstantForceController.h; sourceTree = "<group>"; };
		1871E56711016C4100FF8AC7 /* b2Controller.cpp */ = {isa = PBXFileReference; fileEncoding = 4; lastKnownFileType = sourcecode.cpp.cpp; path = b2Controller.cpp; sourceTree = "<group>"; };
		1871E56811016C4100FF8AC7 /* b2Controller.h */ = {isa = PBXFileReference; fileEncoding = 4; lastKnownFileType = sourcecode.c.h; path = b2Controller.h; sourceTree = "<group>"; };
		1871E56911016C4100FF8AC7 /* b2GravityController.cpp */ = {isa = PBXFileReference; fileEncoding = 4; lastKnownFileType = sourcecode.cpp.cpp; path = b2GravityController.cpp; sourceTree = "<group>"; };
		1871E56A11016C4100FF8AC7 /* b2GravityController.h */ = {isa = PBXFileReference; fileEncoding = 4; lastKnownFileType = sourcecode.c.h; path = b2GravityController.h; sourceTree = "<group>"; };
		1871E56B11016C4100FF8AC7 /* b2TensorDampingController.cpp */ = {isa = PBXFileReference; fileEncoding = 4; lastKnownFileType = sourcecode.cpp.cpp; path = b2TensorDampingController.cpp; sourceTree = "<group>"; };
		1871E56C11016C4100FF8AC7 /* b2TensorDampingController.h */ = {isa = PBXFileReference; fileEncoding = 4; lastKnownFileType = sourcecode.c.h; path = b2TensorDampingController.h; sourceTree = "<group>"; };
		1871E56E11016C4100FF8AC7 /* b2DistanceJoint.cpp */ = {isa = PBXFileReference; fileEncoding = 4; lastKnownFileType = sourcecode.cpp.cpp; path = b2DistanceJoint.cpp; sourceTree = "<group>"; };
		1871E56F11016C4100FF8AC7 /* b2DistanceJoint.h */ = {isa = PBXFileReference; fileEncoding = 4; lastKnownFileType = sourcecode.c.h; path = b2DistanceJoint.h; sourceTree = "<group>"; };
		1871E57011016C4100FF8AC7 /* b2GearJoint.cpp */ = {isa = PBXFileReference; fileEncoding = 4; lastKnownFileType = sourcecode.cpp.cpp; path = b2GearJoint.cpp; sourceTree = "<group>"; };
		1871E57111016C4100FF8AC7 /* b2GearJoint.h */ = {isa = PBXFileReference; fileEncoding = 4; lastKnownFileType = sourcecode.c.h; path = b2GearJoint.h; sourceTree = "<group>"; };
		1871E57211016C4100FF8AC7 /* b2Joint.cpp */ = {isa = PBXFileReference; fileEncoding = 4; lastKnownFileType = sourcecode.cpp.cpp; path = b2Joint.cpp; sourceTree = "<group>"; };
		1871E57311016C4100FF8AC7 /* b2Joint.h */ = {isa = PBXFileReference; fileEncoding = 4; lastKnownFileType = sourcecode.c.h; path = b2Joint.h; sourceTree = "<group>"; };
		1871E57411016C4100FF8AC7 /* b2LineJoint.cpp */ = {isa = PBXFileReference; fileEncoding = 4; lastKnownFileType = sourcecode.cpp.cpp; path = b2LineJoint.cpp; sourceTree = "<group>"; };
		1871E57511016C4100FF8AC7 /* b2LineJoint.h */ = {isa = PBXFileReference; fileEncoding = 4; lastKnownFileType = sourcecode.c.h; path = b2LineJoint.h; sourceTree = "<group>"; };
		1871E57611016C4100FF8AC7 /* b2MouseJoint.cpp */ = {isa = PBXFileReference; fileEncoding = 4; lastKnownFileType = sourcecode.cpp.cpp; path = b2MouseJoint.cpp; sourceTree = "<group>"; };
		1871E57711016C4100FF8AC7 /* b2MouseJoint.h */ = {isa = PBXFileReference; fileEncoding = 4; lastKnownFileType = sourcecode.c.h; path = b2MouseJoint.h; sourceTree = "<group>"; };
		1871E57811016C4100FF8AC7 /* b2PrismaticJoint.cpp */ = {isa = PBXFileReference; fileEncoding = 4; lastKnownFileType = sourcecode.cpp.cpp; path = b2PrismaticJoint.cpp; sourceTree = "<group>"; };
		1871E57911016C4100FF8AC7 /* b2PrismaticJoint.h */ = {isa = PBXFileReference; fileEncoding = 4; lastKnownFileType = sourcecode.c.h; path = b2PrismaticJoint.h; sourceTree = "<group>"; };
		1871E57A11016C4100FF8AC7 /* b2PulleyJoint.cpp */ = {isa = PBXFileReference; fileEncoding = 4; lastKnownFileType = sourcecode.cpp.cpp; path = b2PulleyJoint.cpp; sourceTree = "<group>"; };
		1871E57B11016C4100FF8AC7 /* b2PulleyJoint.h */ = {isa = PBXFileReference; fileEncoding = 4; lastKnownFileType = sourcecode.c.h; path = b2PulleyJoint.h; sourceTree = "<group>"; };
		1871E57C11016C4100FF8AC7 /* b2RevoluteJoint.cpp */ = {isa = PBXFileReference; fileEncoding = 4; lastKnownFileType = sourcecode.cpp.cpp; path = b2RevoluteJoint.cpp; sourceTree = "<group>"; };
		1871E57D11016C4100FF8AC7 /* b2RevoluteJoint.h */ = {isa = PBXFileReference; fileEncoding = 4; lastKnownFileType = sourcecode.c.h; path = b2RevoluteJoint.h; sourceTree = "<group>"; };
		1871E57E11016C4100FF8AC7 /* ofxBox2d.cpp */ = {isa = PBXFileReference; fileEncoding = 4; lastKnownFileType = sourcecode.cpp.cpp; path = ofxBox2d.cpp; sourceTree = "<group>"; };
		1871E57F11016C4100FF8AC7 /* ofxBox2d.h */ = {isa = PBXFileReference; fileEncoding = 4; lastKnownFileType = sourcecode.c.h; path = ofxBox2d.h; sourceTree = "<group>"; };
		1871E58011016C4100FF8AC7 /* ofxBox2dBaseShape.h */ = {isa = PBXFileReference; fileEncoding = 4; lastKnownFileType = sourcecode.c.h; path = ofxBox2dBaseShape.h; sourceTree = "<group>"; };
		1871E58111016C4100FF8AC7 /* ofxBox2dCircle.h */ = {isa = PBXFileReference; fileEncoding = 4; lastKnownFileType = sourcecode.c.h; path = ofxBox2dCircle.h; sourceTree = "<group>"; };
		1871E58211016C4100FF8AC7 /* ofxBox2dContactListener.h */ = {isa = PBXFileReference; fileEncoding = 4; lastKnownFileType = sourcecode.c.h; path = ofxBox2dContactListener.h; sourceTree = "<group>"; };
		1871E58311016C4100FF8AC7 /* ofxBox2dJoint.h */ = {isa = PBXFileReference; fileEncoding = 4; lastKnownFileType = sourcecode.c.h; path = ofxBox2dJoint.h; sourceTree = "<group>"; };
		1871E58411016C4100FF8AC7 /* ofxBox2dLine.h */ = {isa = PBXFileReference; fileEncoding = 4; lastKnownFileType = sourcecode.c.h; path = ofxBox2dLine.h; sourceTree = "<group>"; };
		1871E58511016C4100FF8AC7 /* ofxBox2dPolygon.h */ = {isa = PBXFileReference; fileEncoding = 4; lastKnownFileType = sourcecode.c.h; path = ofxBox2dPolygon.h; sourceTree = "<group>"; };
		1871E58611016C4100FF8AC7 /* ofxBox2dRect.h */ = {isa = PBXFileReference; fileEncoding = 4; lastKnownFileType = sourcecode.c.h; path = ofxBox2dRect.h; sourceTree = "<group>"; };
		1871E58711016C4100FF8AC7 /* ofxBox2dRender.h */ = {isa = PBXFileReference; fileEncoding = 4; lastKnownFileType = sourcecode.c.h; path = ofxBox2dRender.h; sourceTree = "<group>"; };
		1871E58811016C4100FF8AC7 /* ofxBox2dSoftBody.h */ = {isa = PBXFileReference; fileEncoding = 4; lastKnownFileType = sourcecode.c.h; path = ofxBox2dSoftBody.h; sourceTree = "<group>"; };
		1871E58911016C4100FF8AC7 /* ofxBox2dUtils.h */ = {isa = PBXFileReference; fileEncoding = 4; lastKnownFileType = sourcecode.c.h; path = ofxBox2dUtils.h; sourceTree = "<group>"; };
		1871E5B911016C5C00FF8AC7 /* ofxMatrix3x3.cpp */ = {isa = PBXFileReference; fileEncoding = 4; lastKnownFileType = sourcecode.cpp.cpp; path = ofxMatrix3x3.cpp; sourceTree = "<group>"; };
		1871E5BA11016C5C00FF8AC7 /* ofxMatrix3x3.h */ = {isa = PBXFileReference; fileEncoding = 4; lastKnownFileType = sourcecode.c.h; path = ofxMatrix3x3.h; sourceTree = "<group>"; };
		1871E5BB11016C5C00FF8AC7 /* ofxMatrix4x4.cpp */ = {isa = PBXFileReference; fileEncoding = 4; lastKnownFileType = sourcecode.cpp.cpp; path = ofxMatrix4x4.cpp; sourceTree = "<group>"; };
		1871E5BC11016C5C00FF8AC7 /* ofxMatrix4x4.h */ = {isa = PBXFileReference; fileEncoding = 4; lastKnownFileType = sourcecode.c.h; path = ofxMatrix4x4.h; sourceTree = "<group>"; };
		1871E5BD11016C5C00FF8AC7 /* ofxPoint2f.h */ = {isa = PBXFileReference; fileEncoding = 4; lastKnownFileType = sourcecode.c.h; path = ofxPoint2f.h; sourceTree = "<group>"; };
		1871E5BE11016C5C00FF8AC7 /* ofxPoint3f.h */ = {isa = PBXFileReference; fileEncoding = 4; lastKnownFileType = sourcecode.c.h; path = ofxPoint3f.h; sourceTree = "<group>"; };
		1871E5BF11016C5C00FF8AC7 /* ofxPoint4f.h */ = {isa = PBXFileReference; fileEncoding = 4; lastKnownFileType = sourcecode.c.h; path = ofxPoint4f.h; sourceTree = "<group>"; };
		1871E5C011016C5C00FF8AC7 /* ofxQuaternion.cpp */ = {isa = PBXFileReference; fileEncoding = 4; lastKnownFileType = sourcecode.cpp.cpp; path = ofxQuaternion.cpp; sourceTree = "<group>"; };
		1871E5C111016C5C00FF8AC7 /* ofxQuaternion.h */ = {isa = PBXFileReference; fileEncoding = 4; lastKnownFileType = sourcecode.c.h; path = ofxQuaternion.h; sourceTree = "<group>"; };
		1871E5C211016C5C00FF8AC7 /* ofxVec2f.h */ = {isa = PBXFileReference; fileEncoding = 4; lastKnownFileType = sourcecode.c.h; path = ofxVec2f.h; sourceTree = "<group>"; };
		1871E5C311016C5C00FF8AC7 /* ofxVec3f.h */ = {isa = PBXFileReference; fileEncoding = 4; lastKnownFileType = sourcecode.c.h; path = ofxVec3f.h; sourceTree = "<group>"; };
		1871E5C411016C5C00FF8AC7 /* ofxVec4f.h */ = {isa = PBXFileReference; fileEncoding = 4; lastKnownFileType = sourcecode.c.h; path = ofxVec4f.h; sourceTree = "<group>"; };
		1871E5C511016C5C00FF8AC7 /* ofxVectorMath.h */ = {isa = PBXFileReference; fileEncoding = 4; lastKnownFileType = sourcecode.c.h; path = ofxVectorMath.h; sourceTree = "<group>"; };
		1871E5D111016CE300FF8AC7 /* CustomCircle.h */ = {isa = PBXFileReference; fileEncoding = 4; lastKnownFileType = sourcecode.c.h; path = CustomCircle.h; sourceTree = "<group>"; };
		1871E5D211016CE300FF8AC7 /* CustomCircle.cpp */ = {isa = PBXFileReference; fileEncoding = 4; lastKnownFileType = sourcecode.cpp.cpp; path = CustomCircle.cpp; sourceTree = "<group>"; };
		1871E5D411016D1300FF8AC7 /* CustomJoint.h */ = {isa = PBXFileReference; fileEncoding = 4; lastKnownFileType = sourcecode.c.h; path = CustomJoint.h; sourceTree = "<group>"; };
		1871E5D511016D1300FF8AC7 /* CustomJoint.cpp */ = {isa = PBXFileReference; fileEncoding = 4; lastKnownFileType = sourcecode.cpp.cpp; path = CustomJoint.cpp; sourceTree = "<group>"; };
		E45BE0390E8CC647009D7055 /* FreeImage.h */ = {isa = PBXFileReference; fileEncoding = 4; lastKnownFileType = sourcecode.c.h; name = FreeImage.h; path = ../../../libs/freeimage/include/FreeImage.h; sourceTree = SOURCE_ROOT; };
		E45BE03F0E8CC650009D7055 /* fmod.h */ = {isa = PBXFileReference; fileEncoding = 4; lastKnownFileType = sourcecode.c.h; name = fmod.h; path = ../../../libs/fmodex/include/fmod.h; sourceTree = SOURCE_ROOT; };
		E45BE0400E8CC650009D7055 /* fmod.hpp */ = {isa = PBXFileReference; fileEncoding = 4; lastKnownFileType = sourcecode.cpp.h; name = fmod.hpp; path = ../../../libs/fmodex/include/fmod.hpp; sourceTree = SOURCE_ROOT; };
		E45BE0410E8CC650009D7055 /* fmod_codec.h */ = {isa = PBXFileReference; fileEncoding = 4; lastKnownFileType = sourcecode.c.h; name = fmod_codec.h; path = ../../../libs/fmodex/include/fmod_codec.h; sourceTree = SOURCE_ROOT; };
		E45BE0420E8CC650009D7055 /* fmod_dsp.h */ = {isa = PBXFileReference; fileEncoding = 4; lastKnownFileType = sourcecode.c.h; name = fmod_dsp.h; path = ../../../libs/fmodex/include/fmod_dsp.h; sourceTree = SOURCE_ROOT; };
		E45BE0430E8CC650009D7055 /* fmod_errors.h */ = {isa = PBXFileReference; fileEncoding = 4; lastKnownFileType = sourcecode.c.h; name = fmod_errors.h; path = ../../../libs/fmodex/include/fmod_errors.h; sourceTree = SOURCE_ROOT; };
		E45BE0440E8CC650009D7055 /* fmod_output.h */ = {isa = PBXFileReference; fileEncoding = 4; lastKnownFileType = sourcecode.c.h; name = fmod_output.h; path = ../../../libs/fmodex/include/fmod_output.h; sourceTree = SOURCE_ROOT; };
		E45BE0A70E8CC67C009D7055 /* GLee.h */ = {isa = PBXFileReference; fileEncoding = 4; lastKnownFileType = sourcecode.c.h; name = GLee.h; path = ../../../libs/GLee/include/GLee.h; sourceTree = SOURCE_ROOT; };
		E45BE0A90E8CC67C009D7055 /* GLee.a */ = {isa = PBXFileReference; lastKnownFileType = archive.ar; name = GLee.a; path = ../../../libs/GLee/lib/osx/GLee.a; sourceTree = SOURCE_ROOT; };
		E45BE2E00E8CC69C009D7055 /* RtAudio.h */ = {isa = PBXFileReference; fileEncoding = 4; lastKnownFileType = sourcecode.c.h; name = RtAudio.h; path = ../../../libs/rtAudio/include/RtAudio.h; sourceTree = SOURCE_ROOT; };
		E45BE2E10E8CC69C009D7055 /* RtError.h */ = {isa = PBXFileReference; fileEncoding = 4; lastKnownFileType = sourcecode.c.h; name = RtError.h; path = ../../../libs/rtAudio/include/RtError.h; sourceTree = SOURCE_ROOT; };
		E45BE2E30E8CC69C009D7055 /* rtAudio.a */ = {isa = PBXFileReference; lastKnownFileType = archive.ar; name = rtAudio.a; path = ../../../libs/rtAudio/lib/osx/rtAudio.a; sourceTree = SOURCE_ROOT; };
		E45BE9710E8CC7DD009D7055 /* AGL.framework */ = {isa = PBXFileReference; lastKnownFileType = wrapper.framework; name = AGL.framework; path = /System/Library/Frameworks/AGL.framework; sourceTree = "<absolute>"; };
		E45BE9720E8CC7DD009D7055 /* ApplicationServices.framework */ = {isa = PBXFileReference; lastKnownFileType = wrapper.framework; name = ApplicationServices.framework; path = /System/Library/Frameworks/ApplicationServices.framework; sourceTree = "<absolute>"; };
		E45BE9730E8CC7DD009D7055 /* AudioToolbox.framework */ = {isa = PBXFileReference; lastKnownFileType = wrapper.framework; name = AudioToolbox.framework; path = /System/Library/Frameworks/AudioToolbox.framework; sourceTree = "<absolute>"; };
		E45BE9740E8CC7DD009D7055 /* Carbon.framework */ = {isa = PBXFileReference; lastKnownFileType = wrapper.framework; name = Carbon.framework; path = /System/Library/Frameworks/Carbon.framework; sourceTree = "<absolute>"; };
		E45BE9750E8CC7DD009D7055 /* CoreAudio.framework */ = {isa = PBXFileReference; lastKnownFileType = wrapper.framework; name = CoreAudio.framework; path = /System/Library/Frameworks/CoreAudio.framework; sourceTree = "<absolute>"; };
		E45BE9760E8CC7DD009D7055 /* CoreFoundation.framework */ = {isa = PBXFileReference; lastKnownFileType = wrapper.framework; name = CoreFoundation.framework; path = /System/Library/Frameworks/CoreFoundation.framework; sourceTree = "<absolute>"; };
		E45BE9770E8CC7DD009D7055 /* CoreServices.framework */ = {isa = PBXFileReference; lastKnownFileType = wrapper.framework; name = CoreServices.framework; path = /System/Library/Frameworks/CoreServices.framework; sourceTree = "<absolute>"; };
		E45BE9790E8CC7DD009D7055 /* OpenGL.framework */ = {isa = PBXFileReference; lastKnownFileType = wrapper.framework; name = OpenGL.framework; path = /System/Library/Frameworks/OpenGL.framework; sourceTree = "<absolute>"; };
		E45BE97A0E8CC7DD009D7055 /* QuickTime.framework */ = {isa = PBXFileReference; lastKnownFileType = wrapper.framework; name = QuickTime.framework; path = /System/Library/Frameworks/QuickTime.framework; sourceTree = "<absolute>"; };
		E4B69B5B0A3A1756003C02F2 /* InstrumentDebug.app */ = {isa = PBXFileReference; explicitFileType = wrapper.application; includeInIndex = 0; path = InstrumentDebug.app; sourceTree = BUILT_PRODUCTS_DIR; };
		E4B69E1D0A3A1BDC003C02F2 /* main.cpp */ = {isa = PBXFileReference; fileEncoding = 30; lastKnownFileType = sourcecode.cpp.cpp; name = main.cpp; path = src/main.cpp; sourceTree = SOURCE_ROOT; };
		E4B69E1E0A3A1BDC003C02F2 /* testApp.cpp */ = {isa = PBXFileReference; explicitFileType = sourcecode.cpp.cpp; fileEncoding = 4; name = testApp.cpp; path = src/testApp.cpp; sourceTree = SOURCE_ROOT; };
		E4B69E1F0A3A1BDC003C02F2 /* testApp.h */ = {isa = PBXFileReference; fileEncoding = 4; lastKnownFileType = sourcecode.c.h; name = testApp.h; path = src/testApp.h; sourceTree = SOURCE_ROOT; };
		E4B6FCAD0C3E899E008CF71C /* openFrameworks-Info.plist */ = {isa = PBXFileReference; fileEncoding = 30; lastKnownFileType = text.plist.xml; path = "openFrameworks-Info.plist"; sourceTree = "<group>"; };
		E4C2421610CC549C004149E2 /* openFrameworksLib.xcodeproj */ = {isa = PBXFileReference; lastKnownFileType = "wrapper.pb-project"; name = openFrameworksLib.xcodeproj; path = ../../../libs/openFrameworksCompiled/project/osx/openFrameworksLib.xcodeproj; sourceTree = SOURCE_ROOT; };
		E4C2424410CC5A17004149E2 /* AppKit.framework */ = {isa = PBXFileReference; lastKnownFileType = wrapper.framework; name = AppKit.framework; path = /System/Library/Frameworks/AppKit.framework; sourceTree = "<absolute>"; };
		E4C2424510CC5A17004149E2 /* Cocoa.framework */ = {isa = PBXFileReference; lastKnownFileType = wrapper.framework; name = Cocoa.framework; path = /System/Library/Frameworks/Cocoa.framework; sourceTree = "<absolute>"; };
		E4C2424610CC5A17004149E2 /* IOKit.framework */ = {isa = PBXFileReference; lastKnownFileType = wrapper.framework; name = IOKit.framework; path = /System/Library/Frameworks/IOKit.framework; sourceTree = "<absolute>"; };
		E4C2425F10CC5A78004149E2 /* GLUT.framework */ = {isa = PBXFileReference; lastKnownFileType = wrapper.framework; name = GLUT.framework; path = ../../../libs/glut/lib/osx/GLUT.framework; sourceTree = SOURCE_ROOT; };
		E4C2427A10CC5B66004149E2 /* CppUnit.a */ = {isa = PBXFileReference; lastKnownFileType = archive.ar; name = CppUnit.a; path = ../../../libs/poco/lib/osx/CppUnit.a; sourceTree = SOURCE_ROOT; };
		E4C2427B10CC5B66004149E2 /* PocoFoundation.a */ = {isa = PBXFileReference; lastKnownFileType = archive.ar; name = PocoFoundation.a; path = ../../../libs/poco/lib/osx/PocoFoundation.a; sourceTree = SOURCE_ROOT; };
		E4C2427C10CC5B66004149E2 /* PocoNet.a */ = {isa = PBXFileReference; lastKnownFileType = archive.ar; name = PocoNet.a; path = ../../../libs/poco/lib/osx/PocoNet.a; sourceTree = SOURCE_ROOT; };
		E4C2427D10CC5B66004149E2 /* PocoUtil.a */ = {isa = PBXFileReference; lastKnownFileType = archive.ar; name = PocoUtil.a; path = ../../../libs/poco/lib/osx/PocoUtil.a; sourceTree = SOURCE_ROOT; };
		E4C2427E10CC5B66004149E2 /* PocoXML.a */ = {isa = PBXFileReference; lastKnownFileType = archive.ar; name = PocoXML.a; path = ../../../libs/poco/lib/osx/PocoXML.a; sourceTree = SOURCE_ROOT; };
		E4C2429310CC5C38004149E2 /* freetype.a */ = {isa = PBXFileReference; lastKnownFileType = archive.ar; name = freetype.a; path = ../../../libs/freetype/lib/osx/freetype.a; sourceTree = SOURCE_ROOT; };
		E4C242CC10CC650E004149E2 /* libfmodex.dylib */ = {isa = PBXFileReference; lastKnownFileType = "compiled.mach-o.dylib"; name = libfmodex.dylib; path = ../../../libs/fmodex/lib/osx/libfmodex.dylib; sourceTree = SOURCE_ROOT; };
		E4C246D910CCAE22004149E2 /* freeimage.a */ = {isa = PBXFileReference; lastKnownFileType = archive.ar; name = freeimage.a; path = ../../../libs/FreeImage/lib/osx/freeimage.a; sourceTree = SOURCE_ROOT; };
/* End PBXFileReference section */

/* Begin PBXFrameworksBuildPhase section */
		E4B69B590A3A1756003C02F2 /* Frameworks */ = {
			isa = PBXFrameworksBuildPhase;
			buildActionMask = 2147483647;
			files = (
				E4C2422B10CC554B004149E2 /* openFrameworksDebug.a in Frameworks */,
				E45BE0AA0E8CC67C009D7055 /* GLee.a in Frameworks */,
				E45BE2E40E8CC69C009D7055 /* rtAudio.a in Frameworks */,
				E45BE97B0E8CC7DD009D7055 /* AGL.framework in Frameworks */,
				E45BE97C0E8CC7DD009D7055 /* ApplicationServices.framework in Frameworks */,
				E45BE97D0E8CC7DD009D7055 /* AudioToolbox.framework in Frameworks */,
				E45BE97E0E8CC7DD009D7055 /* Carbon.framework in Frameworks */,
				E45BE97F0E8CC7DD009D7055 /* CoreAudio.framework in Frameworks */,
				E45BE9800E8CC7DD009D7055 /* CoreFoundation.framework in Frameworks */,
				E45BE9810E8CC7DD009D7055 /* CoreServices.framework in Frameworks */,
				E45BE9830E8CC7DD009D7055 /* OpenGL.framework in Frameworks */,
				E45BE9840E8CC7DD009D7055 /* QuickTime.framework in Frameworks */,
				E4C2424710CC5A17004149E2 /* AppKit.framework in Frameworks */,
				E4C2424810CC5A17004149E2 /* Cocoa.framework in Frameworks */,
				E4C2424910CC5A17004149E2 /* IOKit.framework in Frameworks */,
				E4C2426610CC5A78004149E2 /* GLUT.framework in Frameworks */,
				E4C2427F10CC5B66004149E2 /* CppUnit.a in Frameworks */,
				E4C2428010CC5B66004149E2 /* PocoFoundation.a in Frameworks */,
				E4C2428110CC5B66004149E2 /* PocoNet.a in Frameworks */,
				E4C2428210CC5B66004149E2 /* PocoUtil.a in Frameworks */,
				E4C2428310CC5B66004149E2 /* PocoXML.a in Frameworks */,
				E4C2429410CC5C38004149E2 /* freetype.a in Frameworks */,
				E4C242CD10CC650E004149E2 /* libfmodex.dylib in Frameworks */,
				E4C246DA10CCAE22004149E2 /* freeimage.a in Frameworks */,
			);
			runOnlyForDeploymentPostprocessing = 0;
		};
/* End PBXFrameworksBuildPhase section */

/* Begin PBXGroup section */
		1871E51911016C2300FF8AC7 /* addons */ = {
			isa = PBXGroup;
			children = (
				1871E5B611016C5C00FF8AC7 /* ofxVectorMath */,
				1871E51A11016C4100FF8AC7 /* ofxBox2d */,
			);
			name = addons;
			sourceTree = "<group>";
		};
		1871E51A11016C4100FF8AC7 /* ofxBox2d */ = {
			isa = PBXGroup;
			children = (
				1871E52011016C4100FF8AC7 /* scr */,
			);
			name = ofxBox2d;
			path = ../../../addons/ofxBox2d;
			sourceTree = SOURCE_ROOT;
		};
		1871E52011016C4100FF8AC7 /* scr */ = {
			isa = PBXGroup;
			children = (
				1871E52111016C4100FF8AC7 /* lib */,
				1871E57E11016C4100FF8AC7 /* ofxBox2d.cpp */,
				1871E57F11016C4100FF8AC7 /* ofxBox2d.h */,
				1871E58011016C4100FF8AC7 /* ofxBox2dBaseShape.h */,
				1871E58111016C4100FF8AC7 /* ofxBox2dCircle.h */,
				1871E58211016C4100FF8AC7 /* ofxBox2dContactListener.h */,
				1871E58311016C4100FF8AC7 /* ofxBox2dJoint.h */,
				1871E58411016C4100FF8AC7 /* ofxBox2dLine.h */,
				1871E58511016C4100FF8AC7 /* ofxBox2dPolygon.h */,
				1871E58611016C4100FF8AC7 /* ofxBox2dRect.h */,
				1871E58711016C4100FF8AC7 /* ofxBox2dRender.h */,
				1871E58811016C4100FF8AC7 /* ofxBox2dSoftBody.h */,
				1871E58911016C4100FF8AC7 /* ofxBox2dUtils.h */,
			);
			path = scr;
			sourceTree = "<group>";
		};
		1871E52111016C4100FF8AC7 /* lib */ = {
			isa = PBXGroup;
			children = (
				1871E52211016C4100FF8AC7 /* Box2D */,
			);
			path = lib;
			sourceTree = "<group>";
		};
		1871E52211016C4100FF8AC7 /* Box2D */ = {
			isa = PBXGroup;
			children = (
				1871E52311016C4100FF8AC7 /* Include */,
				1871E52511016C4100FF8AC7 /* Source */,
			);
			path = Box2D;
			sourceTree = "<group>";
		};
		1871E52311016C4100FF8AC7 /* Include */ = {
			isa = PBXGroup;
			children = (
				1871E52411016C4100FF8AC7 /* Box2D.h */,
			);
			path = Include;
			sourceTree = "<group>";
		};
		1871E52511016C4100FF8AC7 /* Source */ = {
			isa = PBXGroup;
			children = (
				1871E52611016C4100FF8AC7 /* Collision */,
				1871E53A11016C4100FF8AC7 /* Common */,
				1871E54511016C4100FF8AC7 /* Dynamics */,
			);
			path = Source;
			sourceTree = "<group>";
		};
		1871E52611016C4100FF8AC7 /* Collision */ = {
			isa = PBXGroup;
			children = (
				1871E52711016C4100FF8AC7 /* b2BroadPhase.cpp */,
				1871E52811016C4100FF8AC7 /* b2BroadPhase.h */,
				1871E52911016C4100FF8AC7 /* b2CollideCircle.cpp */,
				1871E52A11016C4100FF8AC7 /* b2CollidePoly.cpp */,
				1871E52B11016C4100FF8AC7 /* b2Collision.cpp */,
				1871E52C11016C4100FF8AC7 /* b2Collision.h */,
				1871E52D11016C4100FF8AC7 /* b2Distance.cpp */,
				1871E52E11016C4100FF8AC7 /* b2PairManager.cpp */,
				1871E52F11016C4100FF8AC7 /* b2PairManager.h */,
				1871E53011016C4100FF8AC7 /* b2TimeOfImpact.cpp */,
				1871E53111016C4100FF8AC7 /* Shapes */,
			);
			path = Collision;
			sourceTree = "<group>";
		};
		1871E53111016C4100FF8AC7 /* Shapes */ = {
			isa = PBXGroup;
			children = (
				1871E53211016C4100FF8AC7 /* b2CircleShape.cpp */,
				1871E53311016C4100FF8AC7 /* b2CircleShape.h */,
				1871E53411016C4100FF8AC7 /* b2EdgeShape.cpp */,
				1871E53511016C4100FF8AC7 /* b2EdgeShape.h */,
				1871E53611016C4100FF8AC7 /* b2PolygonShape.cpp */,
				1871E53711016C4100FF8AC7 /* b2PolygonShape.h */,
				1871E53811016C4100FF8AC7 /* b2Shape.cpp */,
				1871E53911016C4100FF8AC7 /* b2Shape.h */,
			);
			path = Shapes;
			sourceTree = "<group>";
		};
		1871E53A11016C4100FF8AC7 /* Common */ = {
			isa = PBXGroup;
			children = (
				1871E53B11016C4100FF8AC7 /* b2BlockAllocator.cpp */,
				1871E53C11016C4100FF8AC7 /* b2BlockAllocator.h */,
				1871E53D11016C4100FF8AC7 /* b2Math.cpp */,
				1871E53E11016C4100FF8AC7 /* b2Math.h */,
				1871E53F11016C4100FF8AC7 /* b2Settings.cpp */,
				1871E54011016C4100FF8AC7 /* b2Settings.h */,
				1871E54111016C4100FF8AC7 /* b2StackAllocator.cpp */,
				1871E54211016C4100FF8AC7 /* b2StackAllocator.h */,
				1871E54311016C4100FF8AC7 /* Fixed.h */,
				1871E54411016C4100FF8AC7 /* jtypes.h */,
			);
			path = Common;
			sourceTree = "<group>";
		};
		1871E54511016C4100FF8AC7 /* Dynamics */ = {
			isa = PBXGroup;
			children = (
				1871E54611016C4100FF8AC7 /* b2Body.cpp */,
				1871E54711016C4100FF8AC7 /* b2Body.h */,
				1871E54811016C4100FF8AC7 /* b2ContactManager.cpp */,
				1871E54911016C4100FF8AC7 /* b2ContactManager.h */,
				1871E54A11016C4100FF8AC7 /* b2Island.cpp */,
				1871E54B11016C4100FF8AC7 /* b2Island.h */,
				1871E54C11016C4100FF8AC7 /* b2World.cpp */,
				1871E54D11016C4100FF8AC7 /* b2World.h */,
				1871E54E11016C4100FF8AC7 /* b2WorldCallbacks.cpp */,
				1871E54F11016C4100FF8AC7 /* b2WorldCallbacks.h */,
				1871E55011016C4100FF8AC7 /* Contacts */,
				1871E56011016C4100FF8AC7 /* Controllers */,
				1871E56D11016C4100FF8AC7 /* Joints */,
			);
			path = Dynamics;
			sourceTree = "<group>";
		};
		1871E55011016C4100FF8AC7 /* Contacts */ = {
			isa = PBXGroup;
			children = (
				1871E55111016C4100FF8AC7 /* b2CircleContact.cpp */,
				1871E55211016C4100FF8AC7 /* b2CircleContact.h */,
				1871E55311016C4100FF8AC7 /* b2Contact.cpp */,
				1871E55411016C4100FF8AC7 /* b2Contact.h */,
				1871E55511016C4100FF8AC7 /* b2ContactSolver.cpp */,
				1871E55611016C4100FF8AC7 /* b2ContactSolver.h */,
				1871E55711016C4100FF8AC7 /* b2EdgeAndCircleContact.cpp */,
				1871E55811016C4100FF8AC7 /* b2EdgeAndCircleContact.h */,
				1871E55911016C4100FF8AC7 /* b2NullContact.h */,
				1871E55A11016C4100FF8AC7 /* b2PolyAndCircleContact.cpp */,
				1871E55B11016C4100FF8AC7 /* b2PolyAndCircleContact.h */,
				1871E55C11016C4100FF8AC7 /* b2PolyAndEdgeContact.cpp */,
				1871E55D11016C4100FF8AC7 /* b2PolyAndEdgeContact.h */,
				1871E55E11016C4100FF8AC7 /* b2PolyContact.cpp */,
				1871E55F11016C4100FF8AC7 /* b2PolyContact.h */,
			);
			path = Contacts;
			sourceTree = "<group>";
		};
		1871E56011016C4100FF8AC7 /* Controllers */ = {
			isa = PBXGroup;
			children = (
				1871E56111016C4100FF8AC7 /* b2BuoyancyController.cpp */,
				1871E56211016C4100FF8AC7 /* b2BuoyancyController.h */,
				1871E56311016C4100FF8AC7 /* b2ConstantAccelController.cpp */,
				1871E56411016C4100FF8AC7 /* b2ConstantAccelController.h */,
				1871E56511016C4100FF8AC7 /* b2ConstantForceController.cpp */,
				1871E56611016C4100FF8AC7 /* b2ConstantForceController.h */,
				1871E56711016C4100FF8AC7 /* b2Controller.cpp */,
				1871E56811016C4100FF8AC7 /* b2Controller.h */,
				1871E56911016C4100FF8AC7 /* b2GravityController.cpp */,
				1871E56A11016C4100FF8AC7 /* b2GravityController.h */,
				1871E56B11016C4100FF8AC7 /* b2TensorDampingController.cpp */,
				1871E56C11016C4100FF8AC7 /* b2TensorDampingController.h */,
			);
			path = Controllers;
			sourceTree = "<group>";
		};
		1871E56D11016C4100FF8AC7 /* Joints */ = {
			isa = PBXGroup;
			children = (
				1871E56E11016C4100FF8AC7 /* b2DistanceJoint.cpp */,
				1871E56F11016C4100FF8AC7 /* b2DistanceJoint.h */,
				1871E57011016C4100FF8AC7 /* b2GearJoint.cpp */,
				1871E57111016C4100FF8AC7 /* b2GearJoint.h */,
				1871E57211016C4100FF8AC7 /* b2Joint.cpp */,
				1871E57311016C4100FF8AC7 /* b2Joint.h */,
				1871E57411016C4100FF8AC7 /* b2LineJoint.cpp */,
				1871E57511016C4100FF8AC7 /* b2LineJoint.h */,
				1871E57611016C4100FF8AC7 /* b2MouseJoint.cpp */,
				1871E57711016C4100FF8AC7 /* b2MouseJoint.h */,
				1871E57811016C4100FF8AC7 /* b2PrismaticJoint.cpp */,
				1871E57911016C4100FF8AC7 /* b2PrismaticJoint.h */,
				1871E57A11016C4100FF8AC7 /* b2PulleyJoint.cpp */,
				1871E57B11016C4100FF8AC7 /* b2PulleyJoint.h */,
				1871E57C11016C4100FF8AC7 /* b2RevoluteJoint.cpp */,
				1871E57D11016C4100FF8AC7 /* b2RevoluteJoint.h */,
			);
			path = Joints;
			sourceTree = "<group>";
		};
		1871E5B611016C5C00FF8AC7 /* ofxVectorMath */ = {
			isa = PBXGroup;
			children = (
				1871E5B811016C5C00FF8AC7 /* src */,
			);
			name = ofxVectorMath;
			path = ../../../addons/ofxVectorMath;
			sourceTree = SOURCE_ROOT;
		};
		1871E5B811016C5C00FF8AC7 /* src */ = {
			isa = PBXGroup;
			children = (
				1871E5B911016C5C00FF8AC7 /* ofxMatrix3x3.cpp */,
				1871E5BA11016C5C00FF8AC7 /* ofxMatrix3x3.h */,
				1871E5BB11016C5C00FF8AC7 /* ofxMatrix4x4.cpp */,
				1871E5BC11016C5C00FF8AC7 /* ofxMatrix4x4.h */,
				1871E5BD11016C5C00FF8AC7 /* ofxPoint2f.h */,
				1871E5BE11016C5C00FF8AC7 /* ofxPoint3f.h */,
				1871E5BF11016C5C00FF8AC7 /* ofxPoint4f.h */,
				1871E5C011016C5C00FF8AC7 /* ofxQuaternion.cpp */,
				1871E5C111016C5C00FF8AC7 /* ofxQuaternion.h */,
				1871E5C211016C5C00FF8AC7 /* ofxVec2f.h */,
				1871E5C311016C5C00FF8AC7 /* ofxVec3f.h */,
				1871E5C411016C5C00FF8AC7 /* ofxVec4f.h */,
				1871E5C511016C5C00FF8AC7 /* ofxVectorMath.h */,
			);
			path = src;
			sourceTree = "<group>";
		};
		E45BE0360E8CC5DE009D7055 /* libs */ = {
			isa = PBXGroup;
			children = (
				E45BEED60E8CCB34009D7055 /* core */,
			);
			name = libs;
			sourceTree = "<group>";
		};
		E45BE0370E8CC647009D7055 /* freeimage */ = {
			isa = PBXGroup;
			children = (
				E4C246D810CCAE22004149E2 /* osx */,
				E45BE0380E8CC647009D7055 /* include */,
			);
			name = freeimage;
			path = ../../../libs/freeimage;
			sourceTree = SOURCE_ROOT;
		};
		E45BE0380E8CC647009D7055 /* include */ = {
			isa = PBXGroup;
			children = (
				E45BE0390E8CC647009D7055 /* FreeImage.h */,
			);
			name = include;
			path = ../../../libs/freeimage/include;
			sourceTree = SOURCE_ROOT;
		};
		E45BE03D0E8CC650009D7055 /* fmodex */ = {
			isa = PBXGroup;
			children = (
				E45BE03E0E8CC650009D7055 /* inc */,
				E4C2428E10CC5C18004149E2 /* osx */,
			);
			name = fmodex;
			path = ../../../libs/fmodex;
			sourceTree = SOURCE_ROOT;
		};
		E45BE03E0E8CC650009D7055 /* inc */ = {
			isa = PBXGroup;
			children = (
				E45BE03F0E8CC650009D7055 /* fmod.h */,
				E45BE0400E8CC650009D7055 /* fmod.hpp */,
				E45BE0410E8CC650009D7055 /* fmod_codec.h */,
				E45BE0420E8CC650009D7055 /* fmod_dsp.h */,
				E45BE0430E8CC650009D7055 /* fmod_errors.h */,
				E45BE0440E8CC650009D7055 /* fmod_output.h */,
			);
			name = inc;
			path = ../../../libs/fmodex/include;
			sourceTree = SOURCE_ROOT;
		};
		E45BE0480E8CC657009D7055 /* core libraries */ = {
			isa = PBXGroup;
			children = (
				E4C2425B10CC5A78004149E2 /* glut */,
				E45BEC7B0E8CC911009D7055 /* poco */,
				E45BE2D50E8CC69C009D7055 /* rtAudio */,
				E45BE0A50E8CC67C009D7055 /* GLee */,
				E45BE0490E8CC676009D7055 /* freetype */,
				E45BE03D0E8CC650009D7055 /* fmodex */,
				E45BE0370E8CC647009D7055 /* freeimage */,
			);
			name = "core libraries";
			sourceTree = "<group>";
		};
		E45BE0490E8CC676009D7055 /* freetype */ = {
			isa = PBXGroup;
			children = (
				E4C2429210CC5C38004149E2 /* osx */,
			);
			name = freetype;
			path = ../../../libs/freetype;
			sourceTree = SOURCE_ROOT;
		};
		E45BE0A50E8CC67C009D7055 /* GLee */ = {
			isa = PBXGroup;
			children = (
				E45BE0A60E8CC67C009D7055 /* include */,
				E45BE0A80E8CC67C009D7055 /* lib */,
			);
			name = GLee;
			path = ../../../libs/GLee;
			sourceTree = SOURCE_ROOT;
		};
		E45BE0A60E8CC67C009D7055 /* include */ = {
			isa = PBXGroup;
			children = (
				E45BE0A70E8CC67C009D7055 /* GLee.h */,
			);
			name = include;
			path = ../../../libs/GLee/include;
			sourceTree = SOURCE_ROOT;
		};
		E45BE0A80E8CC67C009D7055 /* lib */ = {
			isa = PBXGroup;
			children = (
				E45BE0A90E8CC67C009D7055 /* GLee.a */,
			);
			name = lib;
			path = ../../../libs/GLee/lib/osx;
			sourceTree = SOURCE_ROOT;
		};
		E45BE2D50E8CC69C009D7055 /* rtAudio */ = {
			isa = PBXGroup;
			children = (
				E45BE2D60E8CC69C009D7055 /* include */,
				E45BE2E20E8CC69C009D7055 /* lib */,
			);
			name = rtAudio;
			path = ../../../libs/rtAudio;
			sourceTree = SOURCE_ROOT;
		};
		E45BE2D60E8CC69C009D7055 /* include */ = {
			isa = PBXGroup;
			children = (
				E45BE2D70E8CC69C009D7055 /* asio */,
				E45BE2E00E8CC69C009D7055 /* RtAudio.h */,
				E45BE2E10E8CC69C009D7055 /* RtError.h */,
			);
			name = include;
			path = ../../../libs/rtAudio/include;
			sourceTree = SOURCE_ROOT;
		};
		E45BE2D70E8CC69C009D7055 /* asio */ = {
			isa = PBXGroup;
			children = (
			);
			name = asio;
			path = ../../../libs/rtAudio/include/asio;
			sourceTree = SOURCE_ROOT;
		};
		E45BE2E20E8CC69C009D7055 /* lib */ = {
			isa = PBXGroup;
			children = (
				E45BE2E30E8CC69C009D7055 /* rtAudio.a */,
			);
			name = lib;
			path = ../../../libs/rtAudio/lib/osx;
			sourceTree = SOURCE_ROOT;
		};
		E45BE5980E8CC70C009D7055 /* core frameworks */ = {
			isa = PBXGroup;
			children = (
				E4C2424410CC5A17004149E2 /* AppKit.framework */,
				E4C2424510CC5A17004149E2 /* Cocoa.framework */,
				E4C2424610CC5A17004149E2 /* IOKit.framework */,
				E45BE9710E8CC7DD009D7055 /* AGL.framework */,
				E45BE9720E8CC7DD009D7055 /* ApplicationServices.framework */,
				E45BE9730E8CC7DD009D7055 /* AudioToolbox.framework */,
				E45BE9740E8CC7DD009D7055 /* Carbon.framework */,
				E45BE9750E8CC7DD009D7055 /* CoreAudio.framework */,
				E45BE9760E8CC7DD009D7055 /* CoreFoundation.framework */,
				E45BE9770E8CC7DD009D7055 /* CoreServices.framework */,
				E45BE9790E8CC7DD009D7055 /* OpenGL.framework */,
				E45BE97A0E8CC7DD009D7055 /* QuickTime.framework */,
			);
			name = "core frameworks";
			sourceTree = "<group>";
		};
		E45BEC7B0E8CC911009D7055 /* poco */ = {
			isa = PBXGroup;
			children = (
				E4C2427910CC5B66004149E2 /* osx */,
			);
			name = poco;
			path = ../../../libs/poco;
			sourceTree = SOURCE_ROOT;
		};
		E45BEED60E8CCB34009D7055 /* core */ = {
			isa = PBXGroup;
			children = (
				E45BE0480E8CC657009D7055 /* core libraries */,
				E45BE5980E8CC70C009D7055 /* core frameworks */,
			);
			name = core;
			sourceTree = "<group>";
		};
		E4B69B4A0A3A1720003C02F2 = {
			isa = PBXGroup;
			children = (
				1871E51911016C2300FF8AC7 /* addons */,
				E4B69B5B0A3A1756003C02F2 /* InstrumentDebug.app */,
				E4B6FCAD0C3E899E008CF71C /* openFrameworks-Info.plist */,
				E4B69E1C0A3A1BDC003C02F2 /* src */,
				E4C2422310CC54B6004149E2 /* openFrameworks */,
				E45BE0360E8CC5DE009D7055 /* libs */,
			);
			sourceTree = "<group>";
		};
		E4B69E1C0A3A1BDC003C02F2 /* src */ = {
			isa = PBXGroup;
			children = (
				E4B69E1D0A3A1BDC003C02F2 /* main.cpp */,
				E4B69E1E0A3A1BDC003C02F2 /* testApp.cpp */,
				E4B69E1F0A3A1BDC003C02F2 /* testApp.h */,
				1871E5D111016CE300FF8AC7 /* CustomCircle.h */,
				1871E5D211016CE300FF8AC7 /* CustomCircle.cpp */,
				1871E5D411016D1300FF8AC7 /* CustomJoint.h */,
				1871E5D511016D1300FF8AC7 /* CustomJoint.cpp */,
			);
			path = src;
			sourceTree = SOURCE_ROOT;
		};
		E4C2421710CC549C004149E2 /* Products */ = {
			isa = PBXGroup;
			children = (
				E4C2421E10CC549C004149E2 /* openFrameworksDebug.a */,
			);
			name = Products;
			sourceTree = "<group>";
		};
		E4C2422310CC54B6004149E2 /* openFrameworks */ = {
			isa = PBXGroup;
			children = (
				E4C2421610CC549C004149E2 /* openFrameworksLib.xcodeproj */,
			);
			name = openFrameworks;
			sourceTree = "<group>";
		};
		E4C2425B10CC5A78004149E2 /* glut */ = {
			isa = PBXGroup;
			children = (
				E4C2425D10CC5A78004149E2 /* lib */,
			);
			name = glut;
			path = ../../../libs/glut;
			sourceTree = SOURCE_ROOT;
		};
		E4C2425D10CC5A78004149E2 /* lib */ = {
			isa = PBXGroup;
			children = (
				E4C2425E10CC5A78004149E2 /* osx */,
			);
			name = lib;
			path = ../../../libs/glut/lib;
			sourceTree = SOURCE_ROOT;
		};
		E4C2425E10CC5A78004149E2 /* osx */ = {
			isa = PBXGroup;
			children = (
				E4C2425F10CC5A78004149E2 /* GLUT.framework */,
			);
			name = osx;
			path = ../../../libs/glut/lib/osx;
			sourceTree = SOURCE_ROOT;
		};
		E4C2427910CC5B66004149E2 /* osx */ = {
			isa = PBXGroup;
			children = (
				E4C2427A10CC5B66004149E2 /* CppUnit.a */,
				E4C2427B10CC5B66004149E2 /* PocoFoundation.a */,
				E4C2427C10CC5B66004149E2 /* PocoNet.a */,
				E4C2427D10CC5B66004149E2 /* PocoUtil.a */,
				E4C2427E10CC5B66004149E2 /* PocoXML.a */,
			);
			name = osx;
			path = ../../../libs/poco/lib/osx;
			sourceTree = SOURCE_ROOT;
		};
		E4C2428E10CC5C18004149E2 /* osx */ = {
			isa = PBXGroup;
			children = (
				E4C242CC10CC650E004149E2 /* libfmodex.dylib */,
			);
			name = osx;
			path = ../../../libs/fmodex/lib/osx;
			sourceTree = SOURCE_ROOT;
		};
		E4C2429210CC5C38004149E2 /* osx */ = {
			isa = PBXGroup;
			children = (
				E4C2429310CC5C38004149E2 /* freetype.a */,
			);
			name = osx;
			path = ../../../libs/freetype/lib/osx;
			sourceTree = SOURCE_ROOT;
		};
		E4C246D810CCAE22004149E2 /* osx */ = {
			isa = PBXGroup;
			children = (
				E4C246D910CCAE22004149E2 /* freeimage.a */,
			);
			name = osx;
			path = ../../../libs/FreeImage/lib/osx;
			sourceTree = SOURCE_ROOT;
		};
/* End PBXGroup section */

/* Begin PBXNativeTarget section */
		E4B69B5A0A3A1756003C02F2 /* Instrument */ = {
			isa = PBXNativeTarget;
			buildConfigurationList = E4B69B5F0A3A1757003C02F2 /* Build configuration list for PBXNativeTarget "Instrument" */;
			buildPhases = (
				E4B69B580A3A1756003C02F2 /* Sources */,
				E4B69B590A3A1756003C02F2 /* Frameworks */,
				E4B6FFFD0C3F9AB9008CF71C /* ShellScript */,
				E4C2427710CC5ABF004149E2 /* CopyFiles */,
				E4C2444710CC769B004149E2 /* CopyFiles */,
			);
			buildRules = (
			);
			dependencies = (
				E4C2422810CC54DA004149E2 /* PBXTargetDependency */,
			);
			name = Instrument;
			productName = myOFApp;
			productReference = E4B69B5B0A3A1756003C02F2 /* InstrumentDebug.app */;
			productType = "com.apple.product-type.application";
		};
/* End PBXNativeTarget section */

/* Begin PBXProject section */
		E4B69B4C0A3A1720003C02F2 /* Project object */ = {
			isa = PBXProject;
			buildConfigurationList = E4B69B4D0A3A1720003C02F2 /* Build configuration list for PBXProject "Instrument" */;
			compatibilityVersion = "Xcode 2.4";
			hasScannedForEncodings = 0;
			mainGroup = E4B69B4A0A3A1720003C02F2;
			productRefGroup = E4B69B4A0A3A1720003C02F2;
			projectDirPath = "";
			projectReferences = (
				{
					ProductGroup = E4C2421710CC549C004149E2 /* Products */;
					ProjectRef = E4C2421610CC549C004149E2 /* openFrameworksLib.xcodeproj */;
				},
			);
			projectRoot = "";
			targets = (
				E4B69B5A0A3A1756003C02F2 /* Instrument */,
			);
		};
/* End PBXProject section */

/* Begin PBXReferenceProxy section */
		E4C2421E10CC549C004149E2 /* openFrameworksDebug.a */ = {
			isa = PBXReferenceProxy;
			fileType = archive.ar;
			path = openFrameworksDebug.a;
			remoteRef = E4C2421D10CC549C004149E2 /* PBXContainerItemProxy */;
			sourceTree = BUILT_PRODUCTS_DIR;
		};
/* End PBXReferenceProxy section */

/* Begin PBXShellScriptBuildPhase section */
		E4B6FFFD0C3F9AB9008CF71C /* ShellScript */ = {
			isa = PBXShellScriptBuildPhase;
			buildActionMask = 2147483647;
			files = (
			);
			inputPaths = (
			);
			outputPaths = (
			);
			runOnlyForDeploymentPostprocessing = 0;
			shellPath = /bin/sh;
			shellScript = "cp -f ../../../libs/fmodex/lib/osx/libfmodex.dylib \"$TARGET_BUILD_DIR/$PRODUCT_NAME.app/Contents/MacOS/libfmodex.dylib\"\ninstall_name_tool -change ./libfmodex.dylib @executable_path/libfmodex.dylib \"$TARGET_BUILD_DIR/$PRODUCT_NAME.app/Contents/MacOS/$PRODUCT_NAME\" ";
		};
/* End PBXShellScriptBuildPhase section */

/* Begin PBXSourcesBuildPhase section */
		E4B69B580A3A1756003C02F2 /* Sources */ = {
			isa = PBXSourcesBuildPhase;
			buildActionMask = 2147483647;
			files = (
				E4B69E200A3A1BDC003C02F2 /* main.cpp in Sources */,
				E4B69E210A3A1BDC003C02F2 /* testApp.cpp in Sources */,
				1871E58C11016C4100FF8AC7 /* b2BroadPhase.cpp in Sources */,
				1871E58D11016C4100FF8AC7 /* b2CollideCircle.cpp in Sources */,
				1871E58E11016C4100FF8AC7 /* b2CollidePoly.cpp in Sources */,
				1871E58F11016C4100FF8AC7 /* b2Collision.cpp in Sources */,
				1871E59011016C4100FF8AC7 /* b2Distance.cpp in Sources */,
				1871E59111016C4100FF8AC7 /* b2PairManager.cpp in Sources */,
				1871E59211016C4100FF8AC7 /* b2TimeOfImpact.cpp in Sources */,
				1871E59311016C4100FF8AC7 /* b2CircleShape.cpp in Sources */,
				1871E59411016C4100FF8AC7 /* b2EdgeShape.cpp in Sources */,
				1871E59511016C4100FF8AC7 /* b2PolygonShape.cpp in Sources */,
				1871E59611016C4100FF8AC7 /* b2Shape.cpp in Sources */,
				1871E59711016C4100FF8AC7 /* b2BlockAllocator.cpp in Sources */,
				1871E59811016C4100FF8AC7 /* b2Math.cpp in Sources */,
				1871E59911016C4100FF8AC7 /* b2Settings.cpp in Sources */,
				1871E59A11016C4100FF8AC7 /* b2StackAllocator.cpp in Sources */,
				1871E59B11016C4100FF8AC7 /* b2Body.cpp in Sources */,
				1871E59C11016C4100FF8AC7 /* b2ContactManager.cpp in Sources */,
				1871E59D11016C4100FF8AC7 /* b2Island.cpp in Sources */,
				1871E59E11016C4100FF8AC7 /* b2World.cpp in Sources */,
				1871E59F11016C4100FF8AC7 /* b2WorldCallbacks.cpp in Sources */,
				1871E5A011016C4100FF8AC7 /* b2CircleContact.cpp in Sources */,
				1871E5A111016C4100FF8AC7 /* b2Contact.cpp in Sources */,
				1871E5A211016C4100FF8AC7 /* b2ContactSolver.cpp in Sources */,
				1871E5A311016C4100FF8AC7 /* b2EdgeAndCircleContact.cpp in Sources */,
				1871E5A411016C4100FF8AC7 /* b2PolyAndCircleContact.cpp in Sources */,
				1871E5A511016C4100FF8AC7 /* b2PolyAndEdgeContact.cpp in Sources */,
				1871E5A611016C4100FF8AC7 /* b2PolyContact.cpp in Sources */,
				1871E5A711016C4100FF8AC7 /* b2BuoyancyController.cpp in Sources */,
				1871E5A811016C4100FF8AC7 /* b2ConstantAccelController.cpp in Sources */,
				1871E5A911016C4100FF8AC7 /* b2ConstantForceController.cpp in Sources */,
				1871E5AA11016C4100FF8AC7 /* b2Controller.cpp in Sources */,
				1871E5AB11016C4100FF8AC7 /* b2GravityController.cpp in Sources */,
				1871E5AC11016C4100FF8AC7 /* b2TensorDampingController.cpp in Sources */,
				1871E5AD11016C4100FF8AC7 /* b2DistanceJoint.cpp in Sources */,
				1871E5AE11016C4100FF8AC7 /* b2GearJoint.cpp in Sources */,
				1871E5AF11016C4100FF8AC7 /* b2Joint.cpp in Sources */,
				1871E5B011016C4100FF8AC7 /* b2LineJoint.cpp in Sources */,
				1871E5B111016C4100FF8AC7 /* b2MouseJoint.cpp in Sources */,
				1871E5B211016C4100FF8AC7 /* b2PrismaticJoint.cpp in Sources */,
				1871E5B311016C4100FF8AC7 /* b2PulleyJoint.cpp in Sources */,
				1871E5B411016C4100FF8AC7 /* b2RevoluteJoint.cpp in Sources */,
				1871E5B511016C4100FF8AC7 /* ofxBox2d.cpp in Sources */,
				1871E5C611016C5C00FF8AC7 /* ofxMatrix3x3.cpp in Sources */,
				1871E5C711016C5C00FF8AC7 /* ofxMatrix4x4.cpp in Sources */,
				1871E5C811016C5C00FF8AC7 /* ofxQuaternion.cpp in Sources */,
				1871E5D311016CE300FF8AC7 /* CustomCircle.cpp in Sources */,
				1871E5D611016D1300FF8AC7 /* CustomJoint.cpp in Sources */,
			);
			runOnlyForDeploymentPostprocessing = 0;
		};
/* End PBXSourcesBuildPhase section */

/* Begin PBXTargetDependency section */
		E4C2422810CC54DA004149E2 /* PBXTargetDependency */ = {
			isa = PBXTargetDependency;
			name = openFrameworks;
			targetProxy = E4C2422710CC54DA004149E2 /* PBXContainerItemProxy */;
		};
/* End PBXTargetDependency section */

/* Begin XCBuildConfiguration section */
		E4B27CA010CBF8A600536013 /* ReleaseUniversal */ = {
			isa = XCBuildConfiguration;
			buildSettings = {
				ARCHS = (
					ppc,
					i386,
				);
				CONFIGURATION_BUILD_DIR = "$(SRCROOT)/bin/";
				COPY_PHASE_STRIP = YES;
				DEAD_CODE_STRIPPING = YES;
				GCC_AUTO_VECTORIZATION = YES;
				GCC_ENABLE_SSE3_EXTENSIONS = YES;
				GCC_ENABLE_SUPPLEMENTAL_SSE3_INSTRUCTIONS = YES;
				GCC_INLINES_ARE_PRIVATE_EXTERN = NO;
				GCC_MODEL_TUNING = G5;
				GCC_OPTIMIZATION_LEVEL = 3;
				GCC_SYMBOLS_PRIVATE_EXTERN = NO;
				GCC_UNROLL_LOOPS = YES;
				GCC_WARN_ABOUT_DEPRECATED_FUNCTIONS = NO;
				GCC_WARN_ABOUT_INVALID_OFFSETOF_MACRO = NO;
				GCC_WARN_ALLOW_INCOMPLETE_PROTOCOL = NO;
				GCC_WARN_UNINITIALIZED_AUTOS = NO;
				GCC_WARN_UNUSED_VALUE = NO;
				GCC_WARN_UNUSED_VARIABLE = NO;
				HEADER_SEARCH_PATHS = (
					"../../../libs/openFrameworks/**",
					../../../libs/freetype/include/,
					../../../libs/freetype/include/freetype2,
					../../../libs/poco/include,
				);
				OTHER_CPLUSPLUSFLAGS = (
					"-D__MACOSX_CORE__",
					"-lpthread",
				);
				OTHER_LDFLAGS = "";
				SDKROOT = /Developer/SDKs/MacOSX10.5.sdk;
			};
			name = ReleaseUniversal;
		};
		E4B27CA110CBF8A600536013 /* ReleaseUniversal */ = {
			isa = XCBuildConfiguration;
			buildSettings = {
				COPY_PHASE_STRIP = YES;
				FRAMEWORK_SEARCH_PATHS = (
					"$(inherited)",
					"$(FRAMEWORK_SEARCH_PATHS_QUOTED_FOR_TARGET_1)",
				);
				FRAMEWORK_SEARCH_PATHS_QUOTED_FOR_TARGET_1 = "\"$(SRCROOT)/../../../libs/glut/lib/osx\"";
				GCC_ENABLE_FIX_AND_CONTINUE = NO;
				GCC_GENERATE_DEBUGGING_SYMBOLS = NO;
				GCC_MODEL_TUNING = G4;
				GCC_PRECOMPILE_PREFIX_HEADER = YES;
				GCC_PREFIX_HEADER = "$(SYSTEM_LIBRARY_DIR)/Frameworks/Carbon.framework/Headers/Carbon.h";
				INFOPLIST_FILE = "openFrameworks-Info.plist";
				INSTALL_PATH = "$(HOME)/Applications";
				LIBRARY_SEARCH_PATHS = (
					"$(inherited)",
					"$(LIBRARY_SEARCH_PATHS_QUOTED_FOR_TARGET_1)",
					"$(LIBRARY_SEARCH_PATHS_QUOTED_FOR_TARGET_2)",
					"$(LIBRARY_SEARCH_PATHS_QUOTED_FOR_TARGET_3)",
					"$(LIBRARY_SEARCH_PATHS_QUOTED_FOR_TARGET_4)",
					"$(LIBRARY_SEARCH_PATHS_QUOTED_FOR_TARGET_5)",
					"$(LIBRARY_SEARCH_PATHS_QUOTED_FOR_TARGET_6)",
					"$(LIBRARY_SEARCH_PATHS_QUOTED_FOR_TARGET_7)",
					"$(LIBRARY_SEARCH_PATHS_QUOTED_FOR_TARGET_8)",
					"$(LIBRARY_SEARCH_PATHS_QUOTED_FOR_TARGET_9)",
					"$(LIBRARY_SEARCH_PATHS_QUOTED_FOR_TARGET_10)",
					"$(LIBRARY_SEARCH_PATHS_QUOTED_FOR_TARGET_11)",
					"$(LIBRARY_SEARCH_PATHS_QUOTED_FOR_TARGET_12)",
					"$(LIBRARY_SEARCH_PATHS_QUOTED_FOR_TARGET_13)",
					"$(LIBRARY_SEARCH_PATHS_QUOTED_FOR_TARGET_14)",
					"$(LIBRARY_SEARCH_PATHS_QUOTED_FOR_TARGET_15)",
					"$(LIBRARY_SEARCH_PATHS_QUOTED_FOR_TARGET_2)",
				);
				LIBRARY_SEARCH_PATHS_QUOTED_FOR_TARGET_1 = "\"$(SRCROOT)/../../../libs/freeimage/lib/osx\"";
				LIBRARY_SEARCH_PATHS_QUOTED_FOR_TARGET_14 = "\"$(SRCROOT)/../../../libs/fmodex/lib/osx\"";
				LIBRARY_SEARCH_PATHS_QUOTED_FOR_TARGET_15 = "\"$(SRCROOT)/../../../libs/freetype/lib/osx\"";
				LIBRARY_SEARCH_PATHS_QUOTED_FOR_TARGET_2 = "\"$(SRCROOT)/../../../libs/FreeImage/lib/osx\"";
				LIBRARY_SEARCH_PATHS_QUOTED_FOR_TARGET_4 = "\"$(SRCROOT)/../../../libs/GLee/lib/osx\"";
				LIBRARY_SEARCH_PATHS_QUOTED_FOR_TARGET_5 = "\"$(SRCROOT)/../../../libs/poco/lib/osx\"";
				LIBRARY_SEARCH_PATHS_QUOTED_FOR_TARGET_6 = "\"$(SRCROOT)/../../../libs/rtAudio/lib/osx\"";
				PREBINDING = NO;
				PRODUCT_NAME = "$(TARGET_NAME)Universal";
				WRAPPER_EXTENSION = app;
				ZERO_LINK = NO;
			};
			name = ReleaseUniversal;
		};
		E4B69B4E0A3A1720003C02F2 /* Debug */ = {
			isa = XCBuildConfiguration;
			buildSettings = {
				ARCHS = "$(NATIVE_ARCH)";
				CONFIGURATION_BUILD_DIR = "$(SRCROOT)/bin/";
				COPY_PHASE_STRIP = NO;
				DEAD_CODE_STRIPPING = YES;
				GCC_AUTO_VECTORIZATION = YES;
				GCC_ENABLE_SSE3_EXTENSIONS = YES;
				GCC_ENABLE_SUPPLEMENTAL_SSE3_INSTRUCTIONS = YES;
				GCC_INLINES_ARE_PRIVATE_EXTERN = NO;
				GCC_MODEL_TUNING = G5;
				GCC_SYMBOLS_PRIVATE_EXTERN = NO;
				GCC_WARN_ABOUT_DEPRECATED_FUNCTIONS = NO;
				GCC_WARN_ABOUT_INVALID_OFFSETOF_MACRO = NO;
				GCC_WARN_ALLOW_INCOMPLETE_PROTOCOL = NO;
				GCC_WARN_UNINITIALIZED_AUTOS = NO;
				GCC_WARN_UNUSED_VALUE = NO;
				GCC_WARN_UNUSED_VARIABLE = NO;
				HEADER_SEARCH_PATHS = (
					"../../../libs/openFrameworks/**",
					../../../libs/freetype/include/,
					../../../libs/freetype/include/freetype2,
					../../../libs/poco/include,
				);
				OTHER_CPLUSPLUSFLAGS = (
					"-D__MACOSX_CORE__",
					"-lpthread",
				);
				OTHER_LDFLAGS = "";
				SDKROOT = /Developer/SDKs/MacOSX10.5.sdk;
			};
			name = Debug;
		};
		E4B69B4F0A3A1720003C02F2 /* Release */ = {
			isa = XCBuildConfiguration;
			buildSettings = {
				ARCHS = "$(NATIVE_ARCH)";
				CONFIGURATION_BUILD_DIR = "$(SRCROOT)/bin/";
				COPY_PHASE_STRIP = YES;
				DEAD_CODE_STRIPPING = YES;
				GCC_AUTO_VECTORIZATION = YES;
				GCC_ENABLE_SSE3_EXTENSIONS = YES;
				GCC_ENABLE_SUPPLEMENTAL_SSE3_INSTRUCTIONS = YES;
				GCC_INLINES_ARE_PRIVATE_EXTERN = NO;
				GCC_MODEL_TUNING = G5;
				GCC_OPTIMIZATION_LEVEL = 3;
				GCC_SYMBOLS_PRIVATE_EXTERN = NO;
				GCC_UNROLL_LOOPS = YES;
				GCC_WARN_ABOUT_DEPRECATED_FUNCTIONS = NO;
				GCC_WARN_ABOUT_INVALID_OFFSETOF_MACRO = NO;
				GCC_WARN_ALLOW_INCOMPLETE_PROTOCOL = NO;
				GCC_WARN_UNINITIALIZED_AUTOS = NO;
				GCC_WARN_UNUSED_VALUE = NO;
				GCC_WARN_UNUSED_VARIABLE = NO;
				HEADER_SEARCH_PATHS = (
					"../../../libs/openFrameworks/**",
					../../../libs/freetype/include/,
					../../../libs/freetype/include/freetype2,
					../../../libs/poco/include,
				);
				OTHER_CPLUSPLUSFLAGS = (
					"-D__MACOSX_CORE__",
					"-lpthread",
				);
				OTHER_LDFLAGS = "";
				SDKROOT = /Developer/SDKs/MacOSX10.5.sdk;
			};
			name = Release;
		};
		E4B69B600A3A1757003C02F2 /* Debug */ = {
			isa = XCBuildConfiguration;
			buildSettings = {
				COPY_PHASE_STRIP = NO;
				FRAMEWORK_SEARCH_PATHS = (
					"$(inherited)",
					"$(FRAMEWORK_SEARCH_PATHS_QUOTED_FOR_TARGET_1)",
				);
				FRAMEWORK_SEARCH_PATHS_QUOTED_FOR_TARGET_1 = "\"$(SRCROOT)/../../../libs/glut/lib/osx\"";
				GCC_DYNAMIC_NO_PIC = NO;
				GCC_ENABLE_FIX_AND_CONTINUE = YES;
				GCC_GENERATE_DEBUGGING_SYMBOLS = YES;
				GCC_MODEL_TUNING = G4;
				GCC_OPTIMIZATION_LEVEL = 0;
				GCC_PRECOMPILE_PREFIX_HEADER = YES;
				GCC_PREFIX_HEADER = "$(SYSTEM_LIBRARY_DIR)/Frameworks/Carbon.framework/Headers/Carbon.h";
				INFOPLIST_FILE = "openFrameworks-Info.plist";
				INSTALL_PATH = "$(HOME)/Applications";
				LIBRARY_SEARCH_PATHS = (
					"$(inherited)",
					"$(LIBRARY_SEARCH_PATHS_QUOTED_FOR_TARGET_1)",
					"$(LIBRARY_SEARCH_PATHS_QUOTED_FOR_TARGET_2)",
					"$(LIBRARY_SEARCH_PATHS_QUOTED_FOR_TARGET_3)",
					"$(LIBRARY_SEARCH_PATHS_QUOTED_FOR_TARGET_4)",
					"$(LIBRARY_SEARCH_PATHS_QUOTED_FOR_TARGET_5)",
					"$(LIBRARY_SEARCH_PATHS_QUOTED_FOR_TARGET_6)",
					"$(LIBRARY_SEARCH_PATHS_QUOTED_FOR_TARGET_7)",
					"$(LIBRARY_SEARCH_PATHS_QUOTED_FOR_TARGET_8)",
					"$(LIBRARY_SEARCH_PATHS_QUOTED_FOR_TARGET_9)",
					"$(LIBRARY_SEARCH_PATHS_QUOTED_FOR_TARGET_10)",
					"$(LIBRARY_SEARCH_PATHS_QUOTED_FOR_TARGET_11)",
					"$(LIBRARY_SEARCH_PATHS_QUOTED_FOR_TARGET_12)",
					"$(LIBRARY_SEARCH_PATHS_QUOTED_FOR_TARGET_13)",
					"$(LIBRARY_SEARCH_PATHS_QUOTED_FOR_TARGET_14)",
					"$(LIBRARY_SEARCH_PATHS_QUOTED_FOR_TARGET_15)",
					"$(LIBRARY_SEARCH_PATHS_QUOTED_FOR_TARGET_2)",
				);
				LIBRARY_SEARCH_PATHS_QUOTED_FOR_TARGET_1 = "\"$(SRCROOT)/../../../libs/freeimage/lib/osx\"";
				LIBRARY_SEARCH_PATHS_QUOTED_FOR_TARGET_14 = "\"$(SRCROOT)/../../../libs/fmodex/lib/osx\"";
				LIBRARY_SEARCH_PATHS_QUOTED_FOR_TARGET_15 = "\"$(SRCROOT)/../../../libs/freetype/lib/osx\"";
				LIBRARY_SEARCH_PATHS_QUOTED_FOR_TARGET_2 = "\"$(SRCROOT)/../../../libs/FreeImage/lib/osx\"";
				LIBRARY_SEARCH_PATHS_QUOTED_FOR_TARGET_4 = "\"$(SRCROOT)/../../../libs/GLee/lib/osx\"";
				LIBRARY_SEARCH_PATHS_QUOTED_FOR_TARGET_5 = "\"$(SRCROOT)/../../../libs/poco/lib/osx\"";
				LIBRARY_SEARCH_PATHS_QUOTED_FOR_TARGET_6 = "\"$(SRCROOT)/../../../libs/rtAudio/lib/osx\"";
				PREBINDING = NO;
				PRODUCT_NAME = "$(TARGET_NAME)Debug";
				WRAPPER_EXTENSION = app;
				ZERO_LINK = NO;
			};
			name = Debug;
		};
		E4B69B610A3A1757003C02F2 /* Release */ = {
			isa = XCBuildConfiguration;
			buildSettings = {
				COPY_PHASE_STRIP = YES;
				FRAMEWORK_SEARCH_PATHS = (
					"$(inherited)",
					"$(FRAMEWORK_SEARCH_PATHS_QUOTED_FOR_TARGET_1)",
				);
				FRAMEWORK_SEARCH_PATHS_QUOTED_FOR_TARGET_1 = "\"$(SRCROOT)/../../../libs/glut/lib/osx\"";
				GCC_ENABLE_FIX_AND_CONTINUE = NO;
				GCC_GENERATE_DEBUGGING_SYMBOLS = NO;
				GCC_MODEL_TUNING = G4;
				GCC_PRECOMPILE_PREFIX_HEADER = YES;
				GCC_PREFIX_HEADER = "$(SYSTEM_LIBRARY_DIR)/Frameworks/Carbon.framework/Headers/Carbon.h";
				INFOPLIST_FILE = "openFrameworks-Info.plist";
				INSTALL_PATH = "$(HOME)/Applications";
				LIBRARY_SEARCH_PATHS = (
					"$(inherited)",
					"$(LIBRARY_SEARCH_PATHS_QUOTED_FOR_TARGET_1)",
					"$(LIBRARY_SEARCH_PATHS_QUOTED_FOR_TARGET_2)",
					"$(LIBRARY_SEARCH_PATHS_QUOTED_FOR_TARGET_3)",
					"$(LIBRARY_SEARCH_PATHS_QUOTED_FOR_TARGET_4)",
					"$(LIBRARY_SEARCH_PATHS_QUOTED_FOR_TARGET_5)",
					"$(LIBRARY_SEARCH_PATHS_QUOTED_FOR_TARGET_6)",
					"$(LIBRARY_SEARCH_PATHS_QUOTED_FOR_TARGET_7)",
					"$(LIBRARY_SEARCH_PATHS_QUOTED_FOR_TARGET_8)",
					"$(LIBRARY_SEARCH_PATHS_QUOTED_FOR_TARGET_9)",
					"$(LIBRARY_SEARCH_PATHS_QUOTED_FOR_TARGET_10)",
					"$(LIBRARY_SEARCH_PATHS_QUOTED_FOR_TARGET_11)",
					"$(LIBRARY_SEARCH_PATHS_QUOTED_FOR_TARGET_12)",
					"$(LIBRARY_SEARCH_PATHS_QUOTED_FOR_TARGET_13)",
					"$(LIBRARY_SEARCH_PATHS_QUOTED_FOR_TARGET_14)",
					"$(LIBRARY_SEARCH_PATHS_QUOTED_FOR_TARGET_15)",
					"$(LIBRARY_SEARCH_PATHS_QUOTED_FOR_TARGET_2)",
				);
				LIBRARY_SEARCH_PATHS_QUOTED_FOR_TARGET_1 = "\"$(SRCROOT)/../../../libs/freeimage/lib/osx\"";
				LIBRARY_SEARCH_PATHS_QUOTED_FOR_TARGET_14 = "\"$(SRCROOT)/../../../libs/fmodex/lib/osx\"";
				LIBRARY_SEARCH_PATHS_QUOTED_FOR_TARGET_15 = "\"$(SRCROOT)/../../../libs/freetype/lib/osx\"";
				LIBRARY_SEARCH_PATHS_QUOTED_FOR_TARGET_2 = "\"$(SRCROOT)/../../../libs/FreeImage/lib/osx\"";
				LIBRARY_SEARCH_PATHS_QUOTED_FOR_TARGET_4 = "\"$(SRCROOT)/../../../libs/GLee/lib/osx\"";
				LIBRARY_SEARCH_PATHS_QUOTED_FOR_TARGET_5 = "\"$(SRCROOT)/../../../libs/poco/lib/osx\"";
				LIBRARY_SEARCH_PATHS_QUOTED_FOR_TARGET_6 = "\"$(SRCROOT)/../../../libs/rtAudio/lib/osx\"";
				PREBINDING = NO;
				PRODUCT_NAME = "$(TARGET_NAME)";
				WRAPPER_EXTENSION = app;
				ZERO_LINK = NO;
			};
			name = Release;
		};
/* End XCBuildConfiguration section */

/* Begin XCConfigurationList section */
		E4B69B4D0A3A1720003C02F2 /* Build configuration list for PBXProject "Instrument" */ = {
			isa = XCConfigurationList;
			buildConfigurations = (
				E4B69B4E0A3A1720003C02F2 /* Debug */,
				E4B69B4F0A3A1720003C02F2 /* Release */,
				E4B27CA010CBF8A600536013 /* ReleaseUniversal */,
			);
			defaultConfigurationIsVisible = 0;
			defaultConfigurationName = Release;
		};
		E4B69B5F0A3A1757003C02F2 /* Build configuration list for PBXNativeTarget "Instrument" */ = {
			isa = XCConfigurationList;
			buildConfigurations = (
				E4B69B600A3A1757003C02F2 /* Debug */,
				E4B69B610A3A1757003C02F2 /* Release */,
				E4B27CA110CBF8A600536013 /* ReleaseUniversal */,
			);
			defaultConfigurationIsVisible = 0;
			defaultConfigurationName = Release;
		};
/* End XCConfigurationList section */
	};
	rootObject = E4B69B4C0A3A1720003C02F2 /* Project object */;
}
